// !$*UTF8*$!
{
	archiveVersion = 1;
	classes = {
	};
	objectVersion = 42;
	objects = {

/* Begin PBXBuildFile section */
		089C1668FE841158C02AAC07 /* InfoPlist.strings in Resources */ = {isa = PBXBuildFile; fileRef = 089C1666FE841158C02AAC07 /* InfoPlist.strings */; };
		0D516E7E0538B8E60000000A /* MCPConnectionWindow.nib in Resources */ = {isa = PBXBuildFile; fileRef = 0D516E7C0538B8E60000000A /* MCPConnectionWindow.nib */; };
		0D516E7F0538B8E60000000A /* MCPConnectionWindow.nib in Resources */ = {isa = PBXBuildFile; fileRef = 0D516E7C0538B8E60000000A /* MCPConnectionWindow.nib */; };
		0D516E800538B8E60000000A /* MCPConnectionWindow.nib in Resources */ = {isa = PBXBuildFile; fileRef = 0D516E7C0538B8E60000000A /* MCPConnectionWindow.nib */; };
		0D516E850538B9010000000A /* MCPConnectionWinCont.h in Headers */ = {isa = PBXBuildFile; fileRef = 0D516E810538B9000000000A /* MCPConnectionWinCont.h */; settings = {ATTRIBUTES = (Public, ); }; };
		0D516E860538B9010000000A /* MCPConnectionWinCont.m in Sources */ = {isa = PBXBuildFile; fileRef = 0D516E820538B9000000000A /* MCPConnectionWinCont.m */; };
		0D516E870538B9010000000A /* MCPDocument.h in Headers */ = {isa = PBXBuildFile; fileRef = 0D516E830538B9000000000A /* MCPDocument.h */; settings = {ATTRIBUTES = (Public, ); }; };
		0D516E880538B9010000000A /* MCPDocument.m in Sources */ = {isa = PBXBuildFile; fileRef = 0D516E840538B9000000000A /* MCPDocument.m */; };
		0D516E890538B9010000000A /* MCPConnectionWinCont.h in Headers */ = {isa = PBXBuildFile; fileRef = 0D516E810538B9000000000A /* MCPConnectionWinCont.h */; settings = {ATTRIBUTES = (Public, ); }; };
		0D516E8A0538B9010000000A /* MCPConnectionWinCont.m in Sources */ = {isa = PBXBuildFile; fileRef = 0D516E820538B9000000000A /* MCPConnectionWinCont.m */; };
		0D516E8B0538B9010000000A /* MCPDocument.h in Headers */ = {isa = PBXBuildFile; fileRef = 0D516E830538B9000000000A /* MCPDocument.h */; settings = {ATTRIBUTES = (Public, ); }; };
		0D516E8C0538B9010000000A /* MCPDocument.m in Sources */ = {isa = PBXBuildFile; fileRef = 0D516E840538B9000000000A /* MCPDocument.m */; };
		0D516E8D0538B9010000000A /* MCPConnectionWinCont.h in Headers */ = {isa = PBXBuildFile; fileRef = 0D516E810538B9000000000A /* MCPConnectionWinCont.h */; settings = {ATTRIBUTES = (Public, ); }; };
		0D516E8E0538B9010000000A /* MCPConnectionWinCont.m in Sources */ = {isa = PBXBuildFile; fileRef = 0D516E820538B9000000000A /* MCPConnectionWinCont.m */; };
		0D516E8F0538B9010000000A /* MCPDocument.h in Headers */ = {isa = PBXBuildFile; fileRef = 0D516E830538B9000000000A /* MCPDocument.h */; settings = {ATTRIBUTES = (Public, ); }; };
		0D516E900538B9010000000A /* MCPDocument.m in Sources */ = {isa = PBXBuildFile; fileRef = 0D516E840538B9000000000A /* MCPDocument.m */; };
		0DA720A904EE94D4002E9126 /* SMySQL_Prefix.h in Headers */ = {isa = PBXBuildFile; fileRef = 32DBCF5E0370ADEE00C91783 /* SMySQL_Prefix.h */; settings = {ATTRIBUTES = (Private, ); }; };
		0DA720AA04EE94DE002E9126 /* SMySQL_Prefix.h in Headers */ = {isa = PBXBuildFile; fileRef = 32DBCF5E0370ADEE00C91783 /* SMySQL_Prefix.h */; settings = {ATTRIBUTES = (Private, ); }; };
		0DA720AB04EE9524002E9126 /* InfoPlist.strings in Resources */ = {isa = PBXBuildFile; fileRef = 089C1666FE841158C02AAC07 /* InfoPlist.strings */; };
		0DA720AC04EE9525002E9126 /* Cocoa.framework in Frameworks */ = {isa = PBXBuildFile; fileRef = 1058C7B1FEA5585E11CA2CBB /* Cocoa.framework */; };
		0DA720AD04EE9529002E9126 /* InfoPlist.strings in Resources */ = {isa = PBXBuildFile; fileRef = 089C1666FE841158C02AAC07 /* InfoPlist.strings */; };
		0DA720AE04EE952A002E9126 /* Cocoa.framework in Frameworks */ = {isa = PBXBuildFile; fileRef = 1058C7B1FEA5585E11CA2CBB /* Cocoa.framework */; };
		0DB9ADBD05388B160000000A /* SMySQL_bundled.h in Headers */ = {isa = PBXBuildFile; fileRef = 0DB9ADBC05388B160000000A /* SMySQL_bundled.h */; settings = {ATTRIBUTES = (Public, ); }; };
		0DB9ADBF05388B2A0000000A /* SMySQL_static.h in Headers */ = {isa = PBXBuildFile; fileRef = 0DB9ADBE05388B2A0000000A /* SMySQL_static.h */; settings = {ATTRIBUTES = (Public, ); }; };
		0DCAF5A904FD181F00A8C863 /* libssl.0.9.dylib in Frameworks */ = {isa = PBXBuildFile; fileRef = 0DCAF5A604FD177F00A8C863 /* libssl.0.9.dylib */; };
		0DCAF5AA04FD181F00A8C863 /* libcrypto.0.9.dylib in Frameworks */ = {isa = PBXBuildFile; fileRef = 0DCAF5A304FD176800A8C863 /* libcrypto.0.9.dylib */; };
		0DCAF5AB04FD18BA00A8C863 /* libcrypto.0.9.dylib in Frameworks */ = {isa = PBXBuildFile; fileRef = 0DCAF5A304FD176800A8C863 /* libcrypto.0.9.dylib */; };
		0DCAF5AC04FD18BB00A8C863 /* libssl.0.9.dylib in Frameworks */ = {isa = PBXBuildFile; fileRef = 0DCAF5A604FD177F00A8C863 /* libssl.0.9.dylib */; };
		0DCEFA2304EEAE0D00F30895 /* main.m in Sources */ = {isa = PBXBuildFile; fileRef = 0DCEFA2204EEADEB00F30895 /* main.m */; };
		0DCEFA2604EEAF6800F30895 /* Foundation.framework in Frameworks */ = {isa = PBXBuildFile; fileRef = 0867D69BFE84028FC02AAC07 /* Foundation.framework */; };
		0DCFFE4504EE97AE00AD80EC /* MCPConnection.h in Headers */ = {isa = PBXBuildFile; fileRef = 0DCFFE3904EE97AE00AD80EC /* MCPConnection.h */; settings = {ATTRIBUTES = (Public, ); }; };
		0DCFFE4604EE97AE00AD80EC /* MCPConnection.m in Sources */ = {isa = PBXBuildFile; fileRef = 0DCFFE3A04EE97AE00AD80EC /* MCPConnection.m */; };
		0DCFFE4704EE97AE00AD80EC /* MCPFastQueries.h in Headers */ = {isa = PBXBuildFile; fileRef = 0DCFFE3B04EE97AE00AD80EC /* MCPFastQueries.h */; settings = {ATTRIBUTES = (Public, ); }; };
		0DCFFE4804EE97AE00AD80EC /* MCPFastQueries.m in Sources */ = {isa = PBXBuildFile; fileRef = 0DCFFE3C04EE97AE00AD80EC /* MCPFastQueries.m */; };
		0DCFFE4904EE97AE00AD80EC /* MCPNull.h in Headers */ = {isa = PBXBuildFile; fileRef = 0DCFFE3D04EE97AE00AD80EC /* MCPNull.h */; settings = {ATTRIBUTES = (Public, ); }; };
		0DCFFE4A04EE97AE00AD80EC /* MCPNull.m in Sources */ = {isa = PBXBuildFile; fileRef = 0DCFFE3E04EE97AE00AD80EC /* MCPNull.m */; };
		0DCFFE4B04EE97AE00AD80EC /* MCPResult.h in Headers */ = {isa = PBXBuildFile; fileRef = 0DCFFE3F04EE97AE00AD80EC /* MCPResult.h */; settings = {ATTRIBUTES = (Public, ); }; };
		0DCFFE4C04EE97AE00AD80EC /* MCPResult.m in Sources */ = {isa = PBXBuildFile; fileRef = 0DCFFE4004EE97AE00AD80EC /* MCPResult.m */; };
		0DCFFE4D04EE97AE00AD80EC /* MCPResultPlus.h in Headers */ = {isa = PBXBuildFile; fileRef = 0DCFFE4104EE97AE00AD80EC /* MCPResultPlus.h */; settings = {ATTRIBUTES = (Public, ); }; };
		0DCFFE4E04EE97AE00AD80EC /* MCPResultPlus.m in Sources */ = {isa = PBXBuildFile; fileRef = 0DCFFE4204EE97AE00AD80EC /* MCPResultPlus.m */; };
		0DCFFE4F04EE97AE00AD80EC /* SMySQL.h in Headers */ = {isa = PBXBuildFile; fileRef = 0DCFFE4304EE97AE00AD80EC /* SMySQL.h */; settings = {ATTRIBUTES = (Public, ); }; };
		0DCFFE5004EE97AE00AD80EC /* SMySQLConstants.h in Headers */ = {isa = PBXBuildFile; fileRef = 0DCFFE4404EE97AE00AD80EC /* SMySQLConstants.h */; settings = {ATTRIBUTES = (Public, ); }; };
		0DCFFE5104EE97AE00AD80EC /* MCPConnection.h in Headers */ = {isa = PBXBuildFile; fileRef = 0DCFFE3904EE97AE00AD80EC /* MCPConnection.h */; settings = {ATTRIBUTES = (Public, ); }; };
		0DCFFE5204EE97AE00AD80EC /* MCPConnection.m in Sources */ = {isa = PBXBuildFile; fileRef = 0DCFFE3A04EE97AE00AD80EC /* MCPConnection.m */; };
		0DCFFE5304EE97AE00AD80EC /* MCPFastQueries.h in Headers */ = {isa = PBXBuildFile; fileRef = 0DCFFE3B04EE97AE00AD80EC /* MCPFastQueries.h */; settings = {ATTRIBUTES = (Public, ); }; };
		0DCFFE5404EE97AE00AD80EC /* MCPFastQueries.m in Sources */ = {isa = PBXBuildFile; fileRef = 0DCFFE3C04EE97AE00AD80EC /* MCPFastQueries.m */; };
		0DCFFE5504EE97AE00AD80EC /* MCPNull.h in Headers */ = {isa = PBXBuildFile; fileRef = 0DCFFE3D04EE97AE00AD80EC /* MCPNull.h */; settings = {ATTRIBUTES = (Public, ); }; };
		0DCFFE5604EE97AE00AD80EC /* MCPNull.m in Sources */ = {isa = PBXBuildFile; fileRef = 0DCFFE3E04EE97AE00AD80EC /* MCPNull.m */; };
		0DCFFE5704EE97AE00AD80EC /* MCPResult.h in Headers */ = {isa = PBXBuildFile; fileRef = 0DCFFE3F04EE97AE00AD80EC /* MCPResult.h */; settings = {ATTRIBUTES = (Public, ); }; };
		0DCFFE5804EE97AE00AD80EC /* MCPResult.m in Sources */ = {isa = PBXBuildFile; fileRef = 0DCFFE4004EE97AE00AD80EC /* MCPResult.m */; };
		0DCFFE5904EE97AE00AD80EC /* MCPResultPlus.h in Headers */ = {isa = PBXBuildFile; fileRef = 0DCFFE4104EE97AE00AD80EC /* MCPResultPlus.h */; settings = {ATTRIBUTES = (Public, ); }; };
		0DCFFE5A04EE97AE00AD80EC /* MCPResultPlus.m in Sources */ = {isa = PBXBuildFile; fileRef = 0DCFFE4204EE97AE00AD80EC /* MCPResultPlus.m */; };
		0DCFFE5C04EE97AE00AD80EC /* SMySQLConstants.h in Headers */ = {isa = PBXBuildFile; fileRef = 0DCFFE4404EE97AE00AD80EC /* SMySQLConstants.h */; settings = {ATTRIBUTES = (Public, ); }; };
		0DCFFE5D04EE97AE00AD80EC /* MCPConnection.h in Headers */ = {isa = PBXBuildFile; fileRef = 0DCFFE3904EE97AE00AD80EC /* MCPConnection.h */; settings = {ATTRIBUTES = (Public, ); }; };
		0DCFFE5E04EE97AE00AD80EC /* MCPConnection.m in Sources */ = {isa = PBXBuildFile; fileRef = 0DCFFE3A04EE97AE00AD80EC /* MCPConnection.m */; };
		0DCFFE5F04EE97AE00AD80EC /* MCPFastQueries.h in Headers */ = {isa = PBXBuildFile; fileRef = 0DCFFE3B04EE97AE00AD80EC /* MCPFastQueries.h */; settings = {ATTRIBUTES = (Public, ); }; };
		0DCFFE6004EE97AE00AD80EC /* MCPFastQueries.m in Sources */ = {isa = PBXBuildFile; fileRef = 0DCFFE3C04EE97AE00AD80EC /* MCPFastQueries.m */; };
		0DCFFE6104EE97AE00AD80EC /* MCPNull.h in Headers */ = {isa = PBXBuildFile; fileRef = 0DCFFE3D04EE97AE00AD80EC /* MCPNull.h */; settings = {ATTRIBUTES = (Public, ); }; };
		0DCFFE6204EE97AE00AD80EC /* MCPNull.m in Sources */ = {isa = PBXBuildFile; fileRef = 0DCFFE3E04EE97AE00AD80EC /* MCPNull.m */; };
		0DCFFE6304EE97AE00AD80EC /* MCPResult.h in Headers */ = {isa = PBXBuildFile; fileRef = 0DCFFE3F04EE97AE00AD80EC /* MCPResult.h */; settings = {ATTRIBUTES = (Public, ); }; };
		0DCFFE6404EE97AE00AD80EC /* MCPResult.m in Sources */ = {isa = PBXBuildFile; fileRef = 0DCFFE4004EE97AE00AD80EC /* MCPResult.m */; };
		0DCFFE6504EE97AE00AD80EC /* MCPResultPlus.h in Headers */ = {isa = PBXBuildFile; fileRef = 0DCFFE4104EE97AE00AD80EC /* MCPResultPlus.h */; settings = {ATTRIBUTES = (Public, ); }; };
		0DCFFE6604EE97AE00AD80EC /* MCPResultPlus.m in Sources */ = {isa = PBXBuildFile; fileRef = 0DCFFE4204EE97AE00AD80EC /* MCPResultPlus.m */; };
		0DCFFE6804EE97AE00AD80EC /* SMySQLConstants.h in Headers */ = {isa = PBXBuildFile; fileRef = 0DCFFE4404EE97AE00AD80EC /* SMySQLConstants.h */; settings = {ATTRIBUTES = (Public, ); }; };
		0DCFFE6D04EE99C300AD80EC /* libz.1.1.3.dylib in Frameworks */ = {isa = PBXBuildFile; fileRef = 0DCFFE6C04EE99C300AD80EC /* libz.1.1.3.dylib */; };
		0DCFFE6E04EE99C300AD80EC /* libz.1.1.3.dylib in Frameworks */ = {isa = PBXBuildFile; fileRef = 0DCFFE6C04EE99C300AD80EC /* libz.1.1.3.dylib */; };
		0DCFFE7704EE9BBA00AD80EC /* SMySQL_static.framework in Frameworks */ = {isa = PBXBuildFile; fileRef = 0DA7207F04EE8A99002E9126 /* SMySQL_static.framework */; };
		1058C7B3FEA5585E11CA2CBB /* Cocoa.framework in Frameworks */ = {isa = PBXBuildFile; fileRef = 1058C7B1FEA5585E11CA2CBB /* Cocoa.framework */; };
		32DBCF5F0370ADEE00C91783 /* SMySQL_Prefix.h in Headers */ = {isa = PBXBuildFile; fileRef = 32DBCF5E0370ADEE00C91783 /* SMySQL_Prefix.h */; settings = {ATTRIBUTES = (Private, ); }; };
		93CB17440DA4878C0097F7CE /* libmysqlclient.a in Frameworks */ = {isa = PBXBuildFile; fileRef = 93CB17430DA4878C0097F7CE /* libmysqlclient.a */; };
		93CB17460DA487A00097F7CE /* libmysqlclient.15.0.0.dylib in Frameworks */ = {isa = PBXBuildFile; fileRef = 93CB17450DA487A00097F7CE /* libmysqlclient.15.0.0.dylib */; };
		95F9DB5506C11A08005F9DC5 /* MCPNumber.h in Headers */ = {isa = PBXBuildFile; fileRef = 95F9DB5306C11A08005F9DC5 /* MCPNumber.h */; settings = {ATTRIBUTES = (Public, ); }; };
		95F9DB5606C11A08005F9DC5 /* MCPNumber.m in Sources */ = {isa = PBXBuildFile; fileRef = 95F9DB5406C11A08005F9DC5 /* MCPNumber.m */; };
		95F9DB5706C11A08005F9DC5 /* MCPNumber.h in Headers */ = {isa = PBXBuildFile; fileRef = 95F9DB5306C11A08005F9DC5 /* MCPNumber.h */; settings = {ATTRIBUTES = (Public, ); }; };
		95F9DB5806C11A08005F9DC5 /* MCPNumber.m in Sources */ = {isa = PBXBuildFile; fileRef = 95F9DB5406C11A08005F9DC5 /* MCPNumber.m */; };
		95F9DB5906C11A08005F9DC5 /* MCPNumber.h in Headers */ = {isa = PBXBuildFile; fileRef = 95F9DB5306C11A08005F9DC5 /* MCPNumber.h */; settings = {ATTRIBUTES = (Public, ); }; };
		95F9DB5A06C11A08005F9DC5 /* MCPNumber.m in Sources */ = {isa = PBXBuildFile; fileRef = 95F9DB5406C11A08005F9DC5 /* MCPNumber.m */; };
/* End PBXBuildFile section */

/* Begin PBXBundleTarget section */
		0DEFA05704F0318B00A68F01 /* Prepare_Distributions */ = {
			isa = PBXBundleTarget;
			buildConfigurationList = 93CB17350DA4874F0097F7CE /* Build configuration list for PBXBundleTarget "Prepare_Distributions" */;
			buildPhases = (
				0DEFA05904F0336400A68F01 /* ShellScript */,
				0DEFA05204F0318B00A68F01 /* Headers */,
				0DEFA05304F0318B00A68F01 /* Resources */,
				0DEFA05404F0318B00A68F01 /* Sources */,
				0DEFA05504F0318B00A68F01 /* Frameworks */,
				0DEFA05604F0318B00A68F01 /* Rez */,
				959A3B2105F2A514008C6B3F /* CopyFiles */,
			);
			dependencies = (
				0D6DC6F704F03DE00025C233 /* PBXTargetDependency */,
				0D6DC6F804F03DE20025C233 /* PBXTargetDependency */,
				0D6DC6F904F03DE40025C233 /* PBXTargetDependency */,
				0D6DC6FA04F03DE60025C233 /* PBXTargetDependency */,
			);
			name = Prepare_Distributions;
			productInstallPath = "$(USER_LIBRARY_DIR)/Bundles";
			productName = Prepare_Distributions;
			productReference = 0DEFA05804F0318B00A68F01 /* Prepare_Distributions.bundle */;
			productSettingsXML = "<?xml version=\"1.0\" encoding=\"UTF-8\"?>
<!DOCTYPE plist PUBLIC \"-//Apple//DTD PLIST 1.0//EN\" \"http://www.apple.com/DTDs/PropertyList-1.0.dtd\">
<plist version=\"1.0\">
<dict>
	<key>CFBundleDevelopmentRegion</key>
	<string>English</string>
	<key>CFBundleExecutable</key>
	<string></string>
	<key>CFBundleGetInfoString</key>
	<string></string>
	<key>CFBundleIconFile</key>
	<string></string>
	<key>CFBundleIdentifier</key>
	<string></string>
	<key>CFBundleInfoDictionaryVersion</key>
	<string>6.0</string>
	<key>CFBundleName</key>
	<string></string>
	<key>CFBundlePackageType</key>
	<string>BNDL</string>
	<key>CFBundleShortVersionString</key>
	<string></string>
	<key>CFBundleSignature</key>
	<string>????</string>
	<key>CFBundleVersion</key>
	<string>2.3.1d1</string>
</dict>
</plist>
";
		};
/* End PBXBundleTarget section */

/* Begin PBXContainerItemProxy section */
		95EC05D7055FEA060052E544 /* PBXContainerItemProxy */ = {
			isa = PBXContainerItemProxy;
			containerPortal = 0867D690FE84028FC02AAC07 /* Project object */;
			proxyType = 1;
			remoteGlobalIDString = 0DA7207E04EE8A99002E9126;
			remoteInfo = SMySQL_static;
		};
		95EC05D8055FEA060052E544 /* PBXContainerItemProxy */ = {
			isa = PBXContainerItemProxy;
			containerPortal = 0867D690FE84028FC02AAC07 /* Project object */;
			proxyType = 1;
			remoteGlobalIDString = 0DCFFE7404EE9B4400AD80EC;
			remoteInfo = CLI_Test;
		};
		95EC05D9055FEA060052E544 /* PBXContainerItemProxy */ = {
			isa = PBXContainerItemProxy;
			containerPortal = 0867D690FE84028FC02AAC07 /* Project object */;
			proxyType = 1;
			remoteGlobalIDString = 0DA7208504EE8C3F002E9126;
			remoteInfo = SMySQL_bundled;
		};
		95EC05DA055FEA060052E544 /* PBXContainerItemProxy */ = {
			isa = PBXContainerItemProxy;
			containerPortal = 0867D690FE84028FC02AAC07 /* Project object */;
			proxyType = 1;
			remoteGlobalIDString = 0867D69CFE84028FC02AAC07;
			remoteInfo = SMySQL;
		};
		95EC05DB055FEA060052E544 /* PBXContainerItemProxy */ = {
			isa = PBXContainerItemProxy;
			containerPortal = 0867D690FE84028FC02AAC07 /* Project object */;
			proxyType = 1;
			remoteGlobalIDString = 0DA7207E04EE8A99002E9126;
			remoteInfo = SMySQL_static;
		};
/* End PBXContainerItemProxy section */

/* Begin PBXCopyFilesBuildPhase section */
		959A3B2105F2A514008C6B3F /* CopyFiles */ = {
			isa = PBXCopyFilesBuildPhase;
			buildActionMask = 2147483647;
			dstPath = "";
			dstSubfolderSpec = 10;
			files = (
			);
			runOnlyForDeploymentPostprocessing = 0;
		};
/* End PBXCopyFilesBuildPhase section */

/* Begin PBXFileReference section */
		034768E0FF38A50411DB9C8B /* SMySQL.framework */ = {isa = PBXFileReference; explicitFileType = wrapper.framework; path = SMySQL.framework; sourceTree = BUILT_PRODUCTS_DIR; };
		0867D69BFE84028FC02AAC07 /* Foundation.framework */ = {isa = PBXFileReference; lastKnownFileType = wrapper.framework; name = Foundation.framework; path = /System/Library/Frameworks/Foundation.framework; sourceTree = "<absolute>"; };
		0867D6A5FE840307C02AAC07 /* AppKit.framework */ = {isa = PBXFileReference; lastKnownFileType = wrapper.framework; name = AppKit.framework; path = /System/Library/Frameworks/AppKit.framework; sourceTree = "<absolute>"; };
		089C1667FE841158C02AAC07 /* English */ = {isa = PBXFileReference; fileEncoding = 10; lastKnownFileType = text.plist.strings; name = English; path = English.lproj/InfoPlist.strings; sourceTree = "<group>"; };
		0D516E7D0538B8E60000000A /* English */ = {isa = PBXFileReference; lastKnownFileType = wrapper.nib; name = English; path = English.lproj/MCPConnectionWindow.nib; sourceTree = "<group>"; };
		0D516E810538B9000000000A /* MCPConnectionWinCont.h */ = {isa = PBXFileReference; fileEncoding = 4; lastKnownFileType = sourcecode.c.h; path = MCPConnectionWinCont.h; sourceTree = "<group>"; };
		0D516E820538B9000000000A /* MCPConnectionWinCont.m */ = {isa = PBXFileReference; fileEncoding = 4; lastKnownFileType = sourcecode.c.objc; path = MCPConnectionWinCont.m; sourceTree = "<group>"; };
		0D516E830538B9000000000A /* MCPDocument.h */ = {isa = PBXFileReference; fileEncoding = 4; lastKnownFileType = sourcecode.c.h; path = MCPDocument.h; sourceTree = "<group>"; };
		0D516E840538B9000000000A /* MCPDocument.m */ = {isa = PBXFileReference; fileEncoding = 4; lastKnownFileType = sourcecode.c.objc; path = MCPDocument.m; sourceTree = "<group>"; };
		0D82DD6904F0D92100B97554 /* gpl.html */ = {isa = PBXFileReference; fileEncoding = 4; lastKnownFileType = text.html; path = gpl.html; sourceTree = "<group>"; };
		0D82DD6A04F0D92100B97554 /* gpl.txt */ = {isa = PBXFileReference; fileEncoding = 4; lastKnownFileType = text; path = gpl.txt; sourceTree = "<group>"; };
		0D82DD6B04F0D92100B97554 /* README_BIN */ = {isa = PBXFileReference; fileEncoding = 4; lastKnownFileType = text; path = README_BIN; sourceTree = "<group>"; };
		0DA7207F04EE8A99002E9126 /* SMySQL_static.framework */ = {isa = PBXFileReference; explicitFileType = wrapper.framework; path = SMySQL_static.framework; sourceTree = BUILT_PRODUCTS_DIR; };
		0DA7208604EE8C3F002E9126 /* SMySQL_bundled.framework */ = {isa = PBXFileReference; explicitFileType = wrapper.framework; path = SMySQL_bundled.framework; sourceTree = BUILT_PRODUCTS_DIR; };
		0DB9ADBC05388B160000000A /* SMySQL_bundled.h */ = {isa = PBXFileReference; fileEncoding = 4; lastKnownFileType = sourcecode.c.h; path = SMySQL_bundled.h; sourceTree = "<group>"; };
		0DB9ADBE05388B2A0000000A /* SMySQL_static.h */ = {isa = PBXFileReference; fileEncoding = 4; lastKnownFileType = sourcecode.c.h; path = SMySQL_static.h; sourceTree = "<group>"; };
		0DCAF5A304FD176800A8C863 /* libcrypto.0.9.dylib */ = {isa = PBXFileReference; lastKnownFileType = "compiled.mach-o.dylib"; name = libcrypto.0.9.dylib; path = /usr/lib/libcrypto.0.9.dylib; sourceTree = "<absolute>"; };
		0DCAF5A604FD177F00A8C863 /* libssl.0.9.dylib */ = {isa = PBXFileReference; lastKnownFileType = "compiled.mach-o.dylib"; name = libssl.0.9.dylib; path = /usr/lib/libssl.0.9.dylib; sourceTree = "<absolute>"; };
		0DCEFA2104EEADEB00F30895 /* gpl.txt */ = {isa = PBXFileReference; fileEncoding = 30; lastKnownFileType = text; path = gpl.txt; sourceTree = "<group>"; };
		0DCEFA2204EEADEB00F30895 /* main.m */ = {isa = PBXFileReference; fileEncoding = 30; lastKnownFileType = sourcecode.c.objc; path = main.m; sourceTree = "<group>"; };
		0DCEFA2404EEAEF500F30895 /* README.txt */ = {isa = PBXFileReference; fileEncoding = 4; lastKnownFileType = text; path = README.txt; sourceTree = "<group>"; };
		0DCEFA2504EEAF1600F30895 /* Make_DB_and_table.mysql */ = {isa = PBXFileReference; fileEncoding = 4; lastKnownFileType = text; path = Make_DB_and_table.mysql; sourceTree = "<group>"; };
		0DCEFD9904EEC2B800F30895 /* README */ = {isa = PBXFileReference; fileEncoding = 30; lastKnownFileType = text; path = README; sourceTree = "<group>"; };
		0DCEFD9A04EEC2B800F30895 /* TO_DO */ = {isa = PBXFileReference; fileEncoding = 30; lastKnownFileType = text; path = TO_DO; sourceTree = "<group>"; };
		0DCEFD9B04EEC2B800F30895 /* TO_INSTALL */ = {isa = PBXFileReference; fileEncoding = 30; lastKnownFileType = text; path = TO_INSTALL; sourceTree = "<group>"; };
		0DCFFE3904EE97AE00AD80EC /* MCPConnection.h */ = {isa = PBXFileReference; fileEncoding = 30; lastKnownFileType = sourcecode.c.h; path = MCPConnection.h; sourceTree = "<group>"; };
		0DCFFE3A04EE97AE00AD80EC /* MCPConnection.m */ = {isa = PBXFileReference; fileEncoding = 30; lastKnownFileType = sourcecode.c.objc; path = MCPConnection.m; sourceTree = "<group>"; };
		0DCFFE3B04EE97AE00AD80EC /* MCPFastQueries.h */ = {isa = PBXFileReference; fileEncoding = 30; lastKnownFileType = sourcecode.c.h; path = MCPFastQueries.h; sourceTree = "<group>"; };
		0DCFFE3C04EE97AE00AD80EC /* MCPFastQueries.m */ = {isa = PBXFileReference; fileEncoding = 30; lastKnownFileType = sourcecode.c.objc; path = MCPFastQueries.m; sourceTree = "<group>"; };
		0DCFFE3D04EE97AE00AD80EC /* MCPNull.h */ = {isa = PBXFileReference; fileEncoding = 30; lastKnownFileType = sourcecode.c.h; path = MCPNull.h; sourceTree = "<group>"; };
		0DCFFE3E04EE97AE00AD80EC /* MCPNull.m */ = {isa = PBXFileReference; fileEncoding = 30; lastKnownFileType = sourcecode.c.objc; path = MCPNull.m; sourceTree = "<group>"; };
		0DCFFE3F04EE97AE00AD80EC /* MCPResult.h */ = {isa = PBXFileReference; fileEncoding = 30; lastKnownFileType = sourcecode.c.h; path = MCPResult.h; sourceTree = "<group>"; };
		0DCFFE4004EE97AE00AD80EC /* MCPResult.m */ = {isa = PBXFileReference; fileEncoding = 30; lastKnownFileType = sourcecode.c.objc; path = MCPResult.m; sourceTree = "<group>"; };
		0DCFFE4104EE97AE00AD80EC /* MCPResultPlus.h */ = {isa = PBXFileReference; fileEncoding = 30; lastKnownFileType = sourcecode.c.h; path = MCPResultPlus.h; sourceTree = "<group>"; };
		0DCFFE4204EE97AE00AD80EC /* MCPResultPlus.m */ = {isa = PBXFileReference; fileEncoding = 30; lastKnownFileType = sourcecode.c.objc; path = MCPResultPlus.m; sourceTree = "<group>"; };
		0DCFFE4304EE97AE00AD80EC /* SMySQL.h */ = {isa = PBXFileReference; fileEncoding = 30; lastKnownFileType = sourcecode.c.h; path = SMySQL.h; sourceTree = "<group>"; };
		0DCFFE4404EE97AE00AD80EC /* SMySQLConstants.h */ = {isa = PBXFileReference; fileEncoding = 30; lastKnownFileType = sourcecode.c.h; path = SMySQLConstants.h; sourceTree = "<group>"; };
		0DCFFE6C04EE99C300AD80EC /* libz.1.1.3.dylib */ = {isa = PBXFileReference; lastKnownFileType = "compiled.mach-o.dylib"; name = libz.1.1.3.dylib; path = /usr/lib/libz.1.1.3.dylib; sourceTree = "<absolute>"; };
		0DCFFE7504EE9B4400AD80EC /* CLI_Test */ = {isa = PBXFileReference; lastKnownFileType = "compiled.mach-o.executable"; path = CLI_Test; sourceTree = BUILT_PRODUCTS_DIR; };
		0DEFA05804F0318B00A68F01 /* Prepare_Distributions.bundle */ = {isa = PBXFileReference; explicitFileType = wrapper.cfbundle; path = Prepare_Distributions.bundle; sourceTree = BUILT_PRODUCTS_DIR; };
		1058C7B1FEA5585E11CA2CBB /* Cocoa.framework */ = {isa = PBXFileReference; lastKnownFileType = wrapper.framework; name = Cocoa.framework; path = /System/Library/Frameworks/Cocoa.framework; sourceTree = "<absolute>"; };
		32DBCF5E0370ADEE00C91783 /* SMySQL_Prefix.h */ = {isa = PBXFileReference; fileEncoding = 4; lastKnownFileType = sourcecode.c.h; path = SMySQL_Prefix.h; sourceTree = "<group>"; };
		93CB17430DA4878C0097F7CE /* libmysqlclient.a */ = {isa = PBXFileReference; lastKnownFileType = archive.ar; name = libmysqlclient.a; path = "/usr/local/mysql-5.0.51a-osx10.5-x86_64/lib/libmysqlclient.a"; sourceTree = "<absolute>"; };
		93CB17450DA487A00097F7CE /* libmysqlclient.15.0.0.dylib */ = {isa = PBXFileReference; lastKnownFileType = "compiled.mach-o.dylib"; name = libmysqlclient.15.0.0.dylib; path = "/usr/local/mysql-5.0.51a-osx10.5-x86_64/lib/libmysqlclient.15.0.0.dylib"; sourceTree = "<absolute>"; };
		95F9DB5306C11A08005F9DC5 /* MCPNumber.h */ = {isa = PBXFileReference; fileEncoding = 4; lastKnownFileType = sourcecode.c.h; path = MCPNumber.h; sourceTree = "<group>"; };
		95F9DB5406C11A08005F9DC5 /* MCPNumber.m */ = {isa = PBXFileReference; fileEncoding = 4; lastKnownFileType = sourcecode.c.objc; path = MCPNumber.m; sourceTree = "<group>"; };
/* End PBXFileReference section */

/* Begin PBXFrameworkTarget section */
		0867D69CFE84028FC02AAC07 /* SMySQL */ = {
			isa = PBXFrameworkTarget;
			buildConfigurationList = 93CB17210DA4874F0097F7CE /* Build configuration list for PBXFrameworkTarget "SMySQL" */;
			buildPhases = (
				0867D69DFE84028FC02AAC07 /* Headers */,
				0867D69EFE84028FC02AAC07 /* Resources */,
				0867D69FFE84028FC02AAC07 /* Sources */,
				0867D6A0FE84028FC02AAC07 /* Frameworks */,
				0867D6A2FE84028FC02AAC07 /* Rez */,
				0D2AA83B04EED03700349A90 /* ShellScript */,
			);
			comments = "This target is generating the 'system wide' version of the framework, that should be copied in one of the Library/Frameworks/ directory to be able to use it.\n\nThis version of the framework is linked to the DYNAMIC version of the libmysqlclient library, which should be in /usr/local/lib/mysql/ (you can change this by modifying the location of the libmysqlclient.dylib file using show info pane).";
			dependencies = (
			);
			name = SMySQL;
			productInstallPath = "$(HOME)/Library/Frameworks";
			productName = SMySQL;
			productReference = 034768E0FF38A50411DB9C8B /* SMySQL.framework */;
			productSettingsXML = "<?xml version=\"1.0\" encoding=\"UTF-8\"?>
<!DOCTYPE plist PUBLIC \"-//Apple//DTD PLIST 1.0//EN\" \"http://www.apple.com/DTDs/PropertyList-1.0.dtd\">
<plist version=\"1.0\">
<dict>
	<key>CFBundleDevelopmentRegion</key>
	<string>English</string>
	<key>CFBundleExecutable</key>
	<string>SMySQL</string>
	<key>CFBundleGetInfoString</key>
	<string>2.3.1, © Serge Cohen, 2002</string>
	<key>CFBundleIconFile</key>
	<string></string>
	<key>CFBundleIdentifier</key>
	<string>net.sf.mysql-cocoa.smysql</string>
	<key>CFBundleInfoDictionaryVersion</key>
	<string>6.0</string>
	<key>CFBundleName</key>
	<string>SMySQL</string>
	<key>CFBundlePackageType</key>
	<string>FMWK</string>
	<key>CFBundleShortVersionString</key>
	<string>2.3.1</string>
	<key>CFBundleSignature</key>
	<string>????</string>
	<key>CFBundleVersion</key>
	<string>2.3.1d1</string>
	<key>NSAppleScriptEnabled</key>
	<string>Yes</string>
	<key>NSPrincipalClass</key>
	<string>MCPConnection</string>
</dict>
</plist>
";
		};
		0DA7207E04EE8A99002E9126 /* SMySQL_static */ = {
			isa = PBXFrameworkTarget;
			buildConfigurationList = 93CB17260DA4874F0097F7CE /* Build configuration list for PBXFrameworkTarget "SMySQL_static" */;
			buildPhases = (
				0DA7207904EE8A99002E9126 /* Headers */,
				0DA7207A04EE8A99002E9126 /* Resources */,
				0DA7207B04EE8A99002E9126 /* Sources */,
				0DA7207C04EE8A99002E9126 /* Frameworks */,
				0DA7207D04EE8A99002E9126 /* Rez */,
				0D2AA83C04EED06400349A90 /* ShellScript */,
			);
			comments = "This target is generating the 'system wide' version of the framework, that should be copied in one of the Library/Frameworks/ directory to be able to use it.\n\nThis version of the framework is linked to the STATIC version of the libmysqlclient library, which is in the mysql_bins directory. If you want to produce a system wide static version of the framework using your own version of the library, the easiest is to change the files to which the references in the mysql_bin group (file tab) points to, so that they point to your version of the files (and change accrodingly the search path of the target (for both header and libraries)).";
			dependencies = (
			);
			name = SMySQL_static;
			productInstallPath = "$(LOCAL_LIBRARY_DIR)/Frameworks";
			productName = SMySQL_static;
			productReference = 0DA7207F04EE8A99002E9126 /* SMySQL_static.framework */;
			productSettingsXML = "<?xml version=\"1.0\" encoding=\"UTF-8\"?>
<!DOCTYPE plist PUBLIC \"-//Apple//DTD PLIST 1.0//EN\" \"http://www.apple.com/DTDs/PropertyList-1.0.dtd\">
<plist version=\"1.0\">
<dict>
	<key>CFBundleDevelopmentRegion</key>
	<string>English</string>
	<key>CFBundleExecutable</key>
	<string>SMySQL_static</string>
	<key>CFBundleGetInfoString</key>
	<string>2.3.1, © Serge Cohen, 2002</string>
	<key>CFBundleIconFile</key>
	<string></string>
	<key>CFBundleIdentifier</key>
	<string>net.sf.mysql-cocoa.smysql-static</string>
	<key>CFBundleInfoDictionaryVersion</key>
	<string>6.0</string>
	<key>CFBundleName</key>
	<string>SMySQL Static</string>
	<key>CFBundlePackageType</key>
	<string>FMWK</string>
	<key>CFBundleShortVersionString</key>
	<string>2.3.1</string>
	<key>CFBundleSignature</key>
	<string>????</string>
	<key>CFBundleVersion</key>
	<string>2.3.1d1</string>
	<key>NSAppleScriptEnabled</key>
	<string>Yes</string>
	<key>NSPrincipalClass</key>
	<string>MCPConnection</string>
</dict>
</plist>
";
		};
		0DA7208504EE8C3F002E9126 /* SMySQL_bundled */ = {
			isa = PBXFrameworkTarget;
			buildConfigurationList = 93CB172B0DA4874F0097F7CE /* Build configuration list for PBXFrameworkTarget "SMySQL_bundled" */;
			buildPhases = (
				0DA7208004EE8C3F002E9126 /* Headers */,
				0DA7208104EE8C3F002E9126 /* Resources */,
				0DA7208204EE8C3F002E9126 /* Sources */,
				0DA7208304EE8C3F002E9126 /* Frameworks */,
				0DA7208404EE8C3F002E9126 /* Rez */,
				0D2AA83D04EED07700349A90 /* ShellScript */,
			);
			comments = "This target is generating the bundled version of the framework. This is useful if you are developing an Cocoa bundle application and you want to be able to distribute it with SMySQL bundled to it (easier installation for the user of your application).\n\nIn this case you need to copy the framework produced by this target into the Contents/Frameworks/ subfolder of your application bundle.\n\nThis version of the framework is linked to the STATIC version of the libmysqlclient library, which is in the mysql_bins directory. If you want to produce a system wide static version of the framework using your own version of the library, the easiest is to change the files to which the references in the mysql_bin group (file tab) points to, so that they point to your version of the files (and change accrodingly the search path of the target (for both header and libraries)).";
			dependencies = (
			);
			name = SMySQL_bundled;
			productInstallPath = "@executable_path/../Frameworks";
			productName = SMySQL_bundled;
			productReference = 0DA7208604EE8C3F002E9126 /* SMySQL_bundled.framework */;
			productSettingsXML = "<?xml version=\"1.0\" encoding=\"UTF-8\"?>
<!DOCTYPE plist PUBLIC \"-//Apple//DTD PLIST 1.0//EN\" \"http://www.apple.com/DTDs/PropertyList-1.0.dtd\">
<plist version=\"1.0\">
<dict>
	<key>CFBundleDevelopmentRegion</key>
	<string>English</string>
	<key>CFBundleDocumentTypes</key>
	<array>
		<dict>
			<key>CFBundleTypeExtensions</key>
			<array>
				<string>connect</string>
			</array>
			<key>CFBundleTypeName</key>
			<string>MCP Connection Informations</string>
			<key>CFBundleTypeRole</key>
			<string>Editor</string>
			<key>NSDocumentClass</key>
			<string>MCPDocument</string>
		</dict>
	</array>
	<key>CFBundleExecutable</key>
	<string>SMySQL_bundle</string>
	<key>CFBundleGetInfoString</key>
	<string>2.3.1, © Serge Cohen, 2002</string>
	<key>CFBundleIconFile</key>
	<string></string>
	<key>CFBundleIdentifier</key>
	<string>net.sf.mysql-cocoa.smysql-bundle</string>
	<key>CFBundleInfoDictionaryVersion</key>
	<string>6.0</string>
	<key>CFBundleName</key>
	<string>SMySQL bundled</string>
	<key>CFBundlePackageType</key>
	<string>FMWK</string>
	<key>CFBundleShortVersionString</key>
	<string>2.3.1</string>
	<key>CFBundleSignature</key>
	<string>mcpS</string>
	<key>CFBundleVersion</key>
	<string>2.3.1d1</string>
	<key>NSAppleScriptEnabled</key>
	<string>Yes</string>
	<key>NSPrincipalClass</key>
	<string>MCPConnection</string>
</dict>
</plist>
";
		};
/* End PBXFrameworkTarget section */

/* Begin PBXFrameworksBuildPhase section */
		0867D6A0FE84028FC02AAC07 /* Frameworks */ = {
			isa = PBXFrameworksBuildPhase;
			buildActionMask = 2147483647;
			files = (
				1058C7B3FEA5585E11CA2CBB /* Cocoa.framework in Frameworks */,
				93CB17440DA4878C0097F7CE /* libmysqlclient.a in Frameworks */,
				93CB17460DA487A00097F7CE /* libmysqlclient.15.0.0.dylib in Frameworks */,
			);
			runOnlyForDeploymentPostprocessing = 0;
		};
		0DA7207C04EE8A99002E9126 /* Frameworks */ = {
			isa = PBXFrameworksBuildPhase;
			buildActionMask = 2147483647;
			files = (
				0DA720AC04EE9525002E9126 /* Cocoa.framework in Frameworks */,
				0DCFFE6D04EE99C300AD80EC /* libz.1.1.3.dylib in Frameworks */,
				0DCAF5AB04FD18BA00A8C863 /* libcrypto.0.9.dylib in Frameworks */,
				0DCAF5AC04FD18BB00A8C863 /* libssl.0.9.dylib in Frameworks */,
			);
			runOnlyForDeploymentPostprocessing = 0;
		};
		0DA7208304EE8C3F002E9126 /* Frameworks */ = {
			isa = PBXFrameworksBuildPhase;
			buildActionMask = 2147483647;
			files = (
				0DA720AE04EE952A002E9126 /* Cocoa.framework in Frameworks */,
				0DCFFE6E04EE99C300AD80EC /* libz.1.1.3.dylib in Frameworks */,
				0DCAF5A904FD181F00A8C863 /* libssl.0.9.dylib in Frameworks */,
				0DCAF5AA04FD181F00A8C863 /* libcrypto.0.9.dylib in Frameworks */,
			);
			runOnlyForDeploymentPostprocessing = 0;
		};
		0DCFFE7204EE9B4400AD80EC /* Frameworks */ = {
			isa = PBXFrameworksBuildPhase;
			buildActionMask = 2147483647;
			files = (
				0DCFFE7704EE9BBA00AD80EC /* SMySQL_static.framework in Frameworks */,
				0DCEFA2604EEAF6800F30895 /* Foundation.framework in Frameworks */,
			);
			runOnlyForDeploymentPostprocessing = 0;
		};
		0DEFA05504F0318B00A68F01 /* Frameworks */ = {
			isa = PBXFrameworksBuildPhase;
			buildActionMask = 2147483647;
			files = (
			);
			runOnlyForDeploymentPostprocessing = 0;
		};
/* End PBXFrameworksBuildPhase section */

/* Begin PBXGroup section */
		034768DFFF38A50411DB9C8B /* Products */ = {
			isa = PBXGroup;
			children = (
				034768E0FF38A50411DB9C8B /* SMySQL.framework */,
				0DA7207F04EE8A99002E9126 /* SMySQL_static.framework */,
				0DA7208604EE8C3F002E9126 /* SMySQL_bundled.framework */,
				0DCFFE7504EE9B4400AD80EC /* CLI_Test */,
				0DEFA05804F0318B00A68F01 /* Prepare_Distributions.bundle */,
			);
			name = Products;
			sourceTree = "<group>";
		};
		0867D691FE84028FC02AAC07 /* SMySQL */ = {
			isa = PBXGroup;
			children = (
				0D82DD6904F0D92100B97554 /* gpl.html */,
				0D82DD6A04F0D92100B97554 /* gpl.txt */,
				0DCEFD9904EEC2B800F30895 /* README */,
				0D82DD6B04F0D92100B97554 /* README_BIN */,
				0DCEFD9A04EEC2B800F30895 /* TO_DO */,
				0DCEFD9B04EEC2B800F30895 /* TO_INSTALL */,
				08FB77AEFE84172EC02AAC07 /* MCPFoundationKit */,
				0DCEFD9C04EEC99E00F30895 /* MCPApplicationKit */,
				0DA7208704EE8DA3002E9126 /* mysql_bins */,
				0DCEFA2004EEADC100F30895 /* CLI_Test */,
				32C88DFF0371C24200C91783 /* Other Sources */,
				089C1665FE841158C02AAC07 /* Resources */,
				0867D69AFE84028FC02AAC07 /* External Frameworks and Libraries */,
				034768DFFF38A50411DB9C8B /* Products */,
			);
			name = SMySQL;
			sourceTree = "<group>";
		};
		0867D69AFE84028FC02AAC07 /* External Frameworks and Libraries */ = {
			isa = PBXGroup;
			children = (
				93CB17450DA487A00097F7CE /* libmysqlclient.15.0.0.dylib */,
				0DCFFE6C04EE99C300AD80EC /* libz.1.1.3.dylib */,
				0DCAF5A304FD176800A8C863 /* libcrypto.0.9.dylib */,
				0DCAF5A604FD177F00A8C863 /* libssl.0.9.dylib */,
				1058C7B0FEA5585E11CA2CBB /* Linked Frameworks */,
				1058C7B2FEA5585E11CA2CBB /* Other Frameworks */,
			);
			name = "External Frameworks and Libraries";
			sourceTree = "<group>";
		};
		089C1665FE841158C02AAC07 /* Resources */ = {
			isa = PBXGroup;
			children = (
				089C1666FE841158C02AAC07 /* InfoPlist.strings */,
				0D516E7C0538B8E60000000A /* MCPConnectionWindow.nib */,
			);
			name = Resources;
			sourceTree = "<group>";
		};
		08FB77AEFE84172EC02AAC07 /* MCPFoundationKit */ = {
			isa = PBXGroup;
			children = (
				0DCFFE3904EE97AE00AD80EC /* MCPConnection.h */,
				0DCFFE3A04EE97AE00AD80EC /* MCPConnection.m */,
				0DCFFE3B04EE97AE00AD80EC /* MCPFastQueries.h */,
				0DCFFE3C04EE97AE00AD80EC /* MCPFastQueries.m */,
				95F9DB5306C11A08005F9DC5 /* MCPNumber.h */,
				95F9DB5406C11A08005F9DC5 /* MCPNumber.m */,
				0DCFFE3D04EE97AE00AD80EC /* MCPNull.h */,
				0DCFFE3E04EE97AE00AD80EC /* MCPNull.m */,
				0DCFFE3F04EE97AE00AD80EC /* MCPResult.h */,
				0DCFFE4004EE97AE00AD80EC /* MCPResult.m */,
				0DCFFE4104EE97AE00AD80EC /* MCPResultPlus.h */,
				0DCFFE4204EE97AE00AD80EC /* MCPResultPlus.m */,
				0DCFFE4404EE97AE00AD80EC /* SMySQLConstants.h */,
				0DCFFE4304EE97AE00AD80EC /* SMySQL.h */,
				0DB9ADBE05388B2A0000000A /* SMySQL_static.h */,
				0DB9ADBC05388B160000000A /* SMySQL_bundled.h */,
			);
			path = MCPFoundationKit;
			sourceTree = SOURCE_ROOT;
		};
		0DA7208704EE8DA3002E9126 /* mysql_bins */ = {
			isa = PBXGroup;
			children = (
				93CB17430DA4878C0097F7CE /* libmysqlclient.a */,
			);
			comments = "This group contains the binary and headers of libmysqlclient.h that is used when building the SMySQL_static and SMySQL_bundle targets.\n\nThe default is that the file references point to the versions of the files in the mysql_bins folder of the source tree. Still, you can reference your own version of these files if you prefer.";
			path = mysql_bins;
			sourceTree = SOURCE_ROOT;
		};
		0DCEFA2004EEADC100F30895 /* CLI_Test */ = {
			isa = PBXGroup;
			children = (
				0DCEFA2104EEADEB00F30895 /* gpl.txt */,
				0DCEFA2404EEAEF500F30895 /* README.txt */,
				0DCEFA2504EEAF1600F30895 /* Make_DB_and_table.mysql */,
				0DCEFA2204EEADEB00F30895 /* main.m */,
			);
			path = CLI_Test;
			sourceTree = "<group>";
		};
		0DCEFD9C04EEC99E00F30895 /* MCPApplicationKit */ = {
			isa = PBXGroup;
			children = (
				0D516E810538B9000000000A /* MCPConnectionWinCont.h */,
				0D516E820538B9000000000A /* MCPConnectionWinCont.m */,
				0D516E830538B9000000000A /* MCPDocument.h */,
				0D516E840538B9000000000A /* MCPDocument.m */,
			);
			path = MCPApplicationKit;
			sourceTree = "<group>";
		};
		1058C7B0FEA5585E11CA2CBB /* Linked Frameworks */ = {
			isa = PBXGroup;
			children = (
				1058C7B1FEA5585E11CA2CBB /* Cocoa.framework */,
			);
			name = "Linked Frameworks";
			sourceTree = "<group>";
		};
		1058C7B2FEA5585E11CA2CBB /* Other Frameworks */ = {
			isa = PBXGroup;
			children = (
				0867D69BFE84028FC02AAC07 /* Foundation.framework */,
				0867D6A5FE840307C02AAC07 /* AppKit.framework */,
			);
			name = "Other Frameworks";
			sourceTree = "<group>";
		};
		32C88DFF0371C24200C91783 /* Other Sources */ = {
			isa = PBXGroup;
			children = (
				32DBCF5E0370ADEE00C91783 /* SMySQL_Prefix.h */,
			);
			name = "Other Sources";
			sourceTree = "<group>";
		};
/* End PBXGroup section */

/* Begin PBXHeadersBuildPhase section */
		0867D69DFE84028FC02AAC07 /* Headers */ = {
			isa = PBXHeadersBuildPhase;
			buildActionMask = 2147483647;
			files = (
				0DCFFE4504EE97AE00AD80EC /* MCPConnection.h in Headers */,
				0DCFFE4704EE97AE00AD80EC /* MCPFastQueries.h in Headers */,
				0DCFFE4904EE97AE00AD80EC /* MCPNull.h in Headers */,
				0DCFFE4B04EE97AE00AD80EC /* MCPResult.h in Headers */,
				0DCFFE4D04EE97AE00AD80EC /* MCPResultPlus.h in Headers */,
				0DCFFE4F04EE97AE00AD80EC /* SMySQL.h in Headers */,
				0DCFFE5004EE97AE00AD80EC /* SMySQLConstants.h in Headers */,
				32DBCF5F0370ADEE00C91783 /* SMySQL_Prefix.h in Headers */,
				0D516E8D0538B9010000000A /* MCPConnectionWinCont.h in Headers */,
				0D516E8F0538B9010000000A /* MCPDocument.h in Headers */,
				95F9DB5506C11A08005F9DC5 /* MCPNumber.h in Headers */,
			);
			runOnlyForDeploymentPostprocessing = 0;
		};
		0DA7207904EE8A99002E9126 /* Headers */ = {
			isa = PBXHeadersBuildPhase;
			buildActionMask = 2147483647;
			files = (
				0DCFFE5104EE97AE00AD80EC /* MCPConnection.h in Headers */,
				0DCFFE5304EE97AE00AD80EC /* MCPFastQueries.h in Headers */,
				0DCFFE5504EE97AE00AD80EC /* MCPNull.h in Headers */,
				0DCFFE5704EE97AE00AD80EC /* MCPResult.h in Headers */,
				0DCFFE5904EE97AE00AD80EC /* MCPResultPlus.h in Headers */,
				0DCFFE5C04EE97AE00AD80EC /* SMySQLConstants.h in Headers */,
				0DA720A904EE94D4002E9126 /* SMySQL_Prefix.h in Headers */,
				0DB9ADBF05388B2A0000000A /* SMySQL_static.h in Headers */,
				0D516E850538B9010000000A /* MCPConnectionWinCont.h in Headers */,
				0D516E870538B9010000000A /* MCPDocument.h in Headers */,
				95F9DB5906C11A08005F9DC5 /* MCPNumber.h in Headers */,
			);
			runOnlyForDeploymentPostprocessing = 0;
		};
		0DA7208004EE8C3F002E9126 /* Headers */ = {
			isa = PBXHeadersBuildPhase;
			buildActionMask = 2147483647;
			files = (
				0DCFFE5D04EE97AE00AD80EC /* MCPConnection.h in Headers */,
				0DCFFE5F04EE97AE00AD80EC /* MCPFastQueries.h in Headers */,
				0DCFFE6104EE97AE00AD80EC /* MCPNull.h in Headers */,
				0DCFFE6304EE97AE00AD80EC /* MCPResult.h in Headers */,
				0DCFFE6504EE97AE00AD80EC /* MCPResultPlus.h in Headers */,
				0DCFFE6804EE97AE00AD80EC /* SMySQLConstants.h in Headers */,
				0DA720AA04EE94DE002E9126 /* SMySQL_Prefix.h in Headers */,
				0DB9ADBD05388B160000000A /* SMySQL_bundled.h in Headers */,
				0D516E890538B9010000000A /* MCPConnectionWinCont.h in Headers */,
				0D516E8B0538B9010000000A /* MCPDocument.h in Headers */,
				95F9DB5706C11A08005F9DC5 /* MCPNumber.h in Headers */,
			);
			runOnlyForDeploymentPostprocessing = 0;
		};
		0DCFFE7004EE9B4400AD80EC /* Headers */ = {
			isa = PBXHeadersBuildPhase;
			buildActionMask = 2147483647;
			files = (
			);
			runOnlyForDeploymentPostprocessing = 0;
		};
		0DEFA05204F0318B00A68F01 /* Headers */ = {
			isa = PBXHeadersBuildPhase;
			buildActionMask = 2147483647;
			files = (
			);
			runOnlyForDeploymentPostprocessing = 0;
		};
/* End PBXHeadersBuildPhase section */

/* Begin PBXProject section */
		0867D690FE84028FC02AAC07 /* Project object */ = {
			isa = PBXProject;
			buildConfigurationList = 93CB173A0DA4874F0097F7CE /* Build configuration list for PBXProject "SMySQL-2.5" */;
			hasScannedForEncodings = 1;
			mainGroup = 0867D691FE84028FC02AAC07 /* SMySQL */;
			productRefGroup = 034768DFFF38A50411DB9C8B /* Products */;
			projectDirPath = "";
			targets = (
				0867D69CFE84028FC02AAC07 /* SMySQL */,
				0DA7207E04EE8A99002E9126 /* SMySQL_static */,
				0DA7208504EE8C3F002E9126 /* SMySQL_bundled */,
				0DCFFE7404EE9B4400AD80EC /* CLI_Test */,
				0DEFA05704F0318B00A68F01 /* Prepare_Distributions */,
			);
		};
/* End PBXProject section */

/* Begin PBXResourcesBuildPhase section */
		0867D69EFE84028FC02AAC07 /* Resources */ = {
			isa = PBXResourcesBuildPhase;
			buildActionMask = 2147483647;
			files = (
				089C1668FE841158C02AAC07 /* InfoPlist.strings in Resources */,
				0D516E800538B8E60000000A /* MCPConnectionWindow.nib in Resources */,
			);
			runOnlyForDeploymentPostprocessing = 0;
		};
		0DA7207A04EE8A99002E9126 /* Resources */ = {
			isa = PBXResourcesBuildPhase;
			buildActionMask = 2147483647;
			files = (
				0DA720AB04EE9524002E9126 /* InfoPlist.strings in Resources */,
				0D516E7E0538B8E60000000A /* MCPConnectionWindow.nib in Resources */,
			);
			runOnlyForDeploymentPostprocessing = 0;
		};
		0DA7208104EE8C3F002E9126 /* Resources */ = {
			isa = PBXResourcesBuildPhase;
			buildActionMask = 2147483647;
			files = (
				0DA720AD04EE9529002E9126 /* InfoPlist.strings in Resources */,
				0D516E7F0538B8E60000000A /* MCPConnectionWindow.nib in Resources */,
			);
			runOnlyForDeploymentPostprocessing = 0;
		};
		0DEFA05304F0318B00A68F01 /* Resources */ = {
			isa = PBXResourcesBuildPhase;
			buildActionMask = 2147483647;
			files = (
			);
			runOnlyForDeploymentPostprocessing = 0;
		};
/* End PBXResourcesBuildPhase section */

/* Begin PBXRezBuildPhase section */
		0867D6A2FE84028FC02AAC07 /* Rez */ = {
			isa = PBXRezBuildPhase;
			buildActionMask = 2147483647;
			files = (
			);
			runOnlyForDeploymentPostprocessing = 0;
		};
		0DA7207D04EE8A99002E9126 /* Rez */ = {
			isa = PBXRezBuildPhase;
			buildActionMask = 2147483647;
			files = (
			);
			runOnlyForDeploymentPostprocessing = 0;
		};
		0DA7208404EE8C3F002E9126 /* Rez */ = {
			isa = PBXRezBuildPhase;
			buildActionMask = 2147483647;
			files = (
			);
			runOnlyForDeploymentPostprocessing = 0;
		};
		0DCFFE7304EE9B4400AD80EC /* Rez */ = {
			isa = PBXRezBuildPhase;
			buildActionMask = 2147483647;
			files = (
			);
			runOnlyForDeploymentPostprocessing = 0;
		};
		0DEFA05604F0318B00A68F01 /* Rez */ = {
			isa = PBXRezBuildPhase;
			buildActionMask = 2147483647;
			files = (
			);
			runOnlyForDeploymentPostprocessing = 0;
		};
/* End PBXRezBuildPhase section */

/* Begin PBXShellScriptBuildPhase section */
		0D2AA83B04EED03700349A90 /* ShellScript */ = {
			isa = PBXShellScriptBuildPhase;
			buildActionMask = 12;
			files = (
			);
			runOnlyForDeploymentPostprocessing = 0;
			shellPath = /bin/sh;
			shellScript = "MKDIRS=\"mkdir -p\"\nAUTODOC=/usr/local/bin/autodoc\nAUTODOC_FLAGS=\"-copydocs -timestamp -allclasses\"\nAUTODOC_FORMAT=html\nAUTODOC_LANGUAGE=English\nexport AD_COPYRIGHT=\"Serge Cohen\"\n\n# If autodoc is not installed, we quit without any error\ntest -x $AUTODOC || exit 0\n\nPUBLIC_DOC_INSTALLDIR=\"$SYMROOT/$PRODUCT_NAME.framework/Resources/$AUTODOC_LANGUAGE.lproj/Documentation\"\n\n# We need to write down file names here\nAUTODOC_FILES=\"MCPFoundationKit/MCPResultPlus.h MCPFoundationKit/MCPFastQueries.h MCPFoundationKit/MCPConnection.h MCPFoundationKit/MCPResult.h MCPFoundationKit/MCPNull.h MCPApplicationKit/MCPConnectionWinCont.h MCPApplicationKit/MCPDocument.h\"\nAUTODOC_DOCDIR=\"$PUBLIC_DOC_INSTALLDIR\"\n\nOTHER_AUTODOC_FLAGS=\"-typedirs -allclasses -combine -force -nosingles\"\n\nALL_AUTODOC_FLAGS=\"$AUTODOC_FLAGS $OTHER_AUTODOC_FLAGS\"\n\n$MKDIRS $PUBLIC_DOC_INSTALLDIR\n$AUTODOC $ALL_AUTODOC_FLAGS -format $AUTODOC_FORMAT -dest $AUTODOC_DOCDIR $AUTODOC_FILES\n";
		};
		0D2AA83C04EED06400349A90 /* ShellScript */ = {
			isa = PBXShellScriptBuildPhase;
			buildActionMask = 2147483647;
			files = (
			);
			runOnlyForDeploymentPostprocessing = 0;
			shellPath = /bin/sh;
			shellScript = "MKDIRS=\"mkdir -p\"\nAUTODOC=/usr/local/bin/autodoc\nAUTODOC_FLAGS=\"-copydocs -timestamp -allclasses\"\nAUTODOC_FORMAT=html\nAUTODOC_LANGUAGE=English\nexport AD_COPYRIGHT=\"Serge Cohen\"\n\n# If autodoc is not installed, we quit without any error\ntest -x $AUTODOC || exit 0\n\nPUBLIC_DOC_INSTALLDIR=\"$SYMROOT/$PRODUCT_NAME.framework/Resources/$AUTODOC_LANGUAGE.lproj/Documentation\"\n\n# We need to write down file names here\nAUTODOC_FILES=\"MCPFoundationKit/MCPResultPlus.h MCPFoundationKit/MCPFastQueries.h MCPFoundationKit/MCPConnection.h MCPFoundationKit/MCPResult.h MCPFoundationKit/MCPNull.h MCPApplicationKit/MCPConnectionWinCont.h MCPApplicationKit/MCPDocument.h\"\nAUTODOC_DOCDIR=\"$PUBLIC_DOC_INSTALLDIR\"\n\nOTHER_AUTODOC_FLAGS=\"-typedirs -allclasses -combine -force -nosingles\"\n\nALL_AUTODOC_FLAGS=\"$AUTODOC_FLAGS $OTHER_AUTODOC_FLAGS\"\n\n$MKDIRS $PUBLIC_DOC_INSTALLDIR\n$AUTODOC $ALL_AUTODOC_FLAGS -format $AUTODOC_FORMAT -dest $AUTODOC_DOCDIR $AUTODOC_FILES\n";
		};
		0D2AA83D04EED07700349A90 /* ShellScript */ = {
			isa = PBXShellScriptBuildPhase;
			buildActionMask = 12;
			files = (
			);
			runOnlyForDeploymentPostprocessing = 0;
			shellPath = /bin/sh;
			shellScript = "MKDIRS=\"mkdir -p\"\nAUTODOC=/usr/local/bin/autodoc\nAUTODOC_FLAGS=\"-copydocs -timestamp -allclasses\"\nAUTODOC_FORMAT=html\nAUTODOC_LANGUAGE=English\nexport AD_COPYRIGHT=\"Serge Cohen\"\n\n# If autodoc is not installed, we quit without any error\ntest -x $AUTODOC || exit 0\n\nPUBLIC_DOC_INSTALLDIR=\"$SYMROOT/$PRODUCT_NAME.framework/Resources/$AUTODOC_LANGUAGE.lproj/Documentation\"\n\n# We need to write down file names here\nAUTODOC_FILES=\"MCPFoundationKit/MCPResultPlus.h MCPFoundationKit/MCPFastQueries.h MCPFoundationKit/MCPConnection.h MCPFoundationKit/MCPResult.h MCPFoundationKit/MCPNull.h MCPApplicationKit/MCPConnectionWinCont.h MCPApplicationKit/MCPDocument.h MCPEntrepriseKit/MCPAttribute.h MCPEntrepriseKit/MCPClassDescription.h MCPEntrepriseKit/MCPModel.h MCPEntrepriseKit/MCPObject.h\"\n\nAUTODOC_DOCDIR=\"$PUBLIC_DOC_INSTALLDIR\"\n\nOTHER_AUTODOC_FLAGS=\"-typedirs -allclasses -combine -force -nosingles\"\n\nALL_AUTODOC_FLAGS=\"$AUTODOC_FLAGS $OTHER_AUTODOC_FLAGS\"\n\n$MKDIRS $PUBLIC_DOC_INSTALLDIR\n$AUTODOC $ALL_AUTODOC_FLAGS -format $AUTODOC_FORMAT -dest $AUTODOC_DOCDIR $AUTODOC_FILES\n";
		};
		0DEFA05904F0336400A68F01 /* ShellScript */ = {
			isa = PBXShellScriptBuildPhase;
			buildActionMask = 2147483647;
			files = (
			);
			runOnlyForDeploymentPostprocessing = 0;
			shellPath = /bin/sh;
			shellScript = "MKDIRS=\"mkdir -p\"\nCP=\"cp -r\"\nWORK_DIR=\"$TARGET_BUILD_DIR/Distributions\"\n\nBASE_DIST_NAME=\"SMySQL\"\nVERSION_DIST=\"2.3.1\"\n\nSOURCE_FILES=\"CLI_Test MCPFoundationKit MCPApplicationKit SMySQLConstants.h SMySQL_Prefix.h README TO_DO TO_INSTALL gpl.txt gpl.html mysql_bins CLI_Test SMySQL.pbproj English.lproj\"\n\nBIN_FILES=\"SMySQL.framework SMySQL_static.framework SMySQL_bundled.framework CLI_Test\"\n\nrm -rf \"$WORK_DIR\"\n$MKDIRS \"$WORK_DIR\"\ncd \"$WORK_DIR\"\n\n#cat - > foo.txt <<EOF\n#This Foo Bar saying Hello World...\n#EOF\n\n# Preparing the source distribution:\nSOURCE_DIST_NAME=\"${BASE_DIST_NAME}_src_${VERSION_DIST}\"\n# Create a writable DMG file :\nhdiutil create -megabytes 5 Sources_Temp.dmg -layout NONE\n# Mount it just to be able to format it (and format in HFS+)\nDEV_SOURCES=`hdid -nomount Sources_Temp.dmg`\nnewfs_hfs -v \"$SOURCE_DIST_NAME\" $DEV_SOURCES\nhdiutil eject $DEV_SOURCES\n# Mount in writable way:\nhdid Sources_Temp.dmg > mount_source.log\nDEV_SOURCES=`awk '{print $1}' mount_source.log`\nVOL_SOURCES=`awk '{print $2}' mount_source.log`\n# Copy the sources to the source volume...\ncd \"$SRCROOT\"\n$CP $SOURCE_FILES $VOL_SOURCES\nfind $VOL_SOURCES -name 'CVS' -exec rm -rf {} \\;\n# Make a Tar/gz version of the distribution...\ncd $VOL_SOURCES\ncd ..\ngnutar -cvzf \"${WORK_DIR}/${SOURCE_DIST_NAME}.tgz\" ${SOURCE_DIST_NAME}\ncd \"$WORK_DIR\"\n# Copying is done, we can eject and compress the image:\nhdiutil eject $DEV_SOURCES\nhdiutil convert -format UDZO -imagekey zlib-level=9 Sources_Temp.dmg -o ${SOURCE_DIST_NAME}.dmg\n\n# Preparing the binary distribution:\nBINS_DIST_NAME=\"${BASE_DIST_NAME}_bin_${VERSION_DIST}\"\n# Create a writable DMG file :\nhdiutil create -megabytes 5 Bins_Temp.dmg -layout NONE\n# Mount it just to be able to format it (and format in HFS+)\nDEV_BINS=`hdid -nomount Bins_Temp.dmg`\nnewfs_hfs -v \"$BINS_DIST_NAME\" $DEV_BINS\nhdiutil eject $DEV_BINS\n# Mount in writable way:\nhdid Bins_Temp.dmg > mount_bin.log\nDEV_BINS=`awk '{print $1}' mount_bin.log`\nVOL_BINS=`awk '{print $2}' mount_bin.log`\n# Copy the sources to the source volume...\ncd \"$TARGET_BUILD_DIR\"\n$CP $BIN_FILES $VOL_BINS\n$CP ${SRCROOT}/README_BIN ${VOL_BINS}/README\n$CP \"${SRCROOT}/CLI_Test/README.txt\" ${VOL_BINS}/CLI_Test_README\n$CP \"${SRCROOT}/CLI_Test/Make_DB_and_table.mysql\" ${VOL_BINS}/\nmv \"${VOL_BINS}/CLI_Test\" \"${VOL_BINS}/CLI_Test.command\"\ncd \"$WORK_DIR\"\n# Copying is done, we can eject and compress the image:\nhdiutil eject $DEV_BINS\nhdiutil convert -format UDZO -imagekey zlib-level=9 Bins_Temp.dmg -o ${BINS_DIST_NAME}.dmg\n\n\n# Clean_up:\nrm -f Sources_Temp.dmg\nrm -f mount_source.log\nrm -f Bins_Temp.dmg\nrm -f mount_bin.log\n\necho Everything will be in : $WORK_DIR\n";
		};
/* End PBXShellScriptBuildPhase section */

/* Begin PBXSourcesBuildPhase section */
		0867D69FFE84028FC02AAC07 /* Sources */ = {
			isa = PBXSourcesBuildPhase;
			buildActionMask = 2147483647;
			files = (
				0DCFFE4604EE97AE00AD80EC /* MCPConnection.m in Sources */,
				0DCFFE4804EE97AE00AD80EC /* MCPFastQueries.m in Sources */,
				0DCFFE4A04EE97AE00AD80EC /* MCPNull.m in Sources */,
				0DCFFE4C04EE97AE00AD80EC /* MCPResult.m in Sources */,
				0DCFFE4E04EE97AE00AD80EC /* MCPResultPlus.m in Sources */,
				0D516E8E0538B9010000000A /* MCPConnectionWinCont.m in Sources */,
				0D516E900538B9010000000A /* MCPDocument.m in Sources */,
				95F9DB5606C11A08005F9DC5 /* MCPNumber.m in Sources */,
			);
			runOnlyForDeploymentPostprocessing = 0;
		};
		0DA7207B04EE8A99002E9126 /* Sources */ = {
			isa = PBXSourcesBuildPhase;
			buildActionMask = 2147483647;
			files = (
				0DCFFE5204EE97AE00AD80EC /* MCPConnection.m in Sources */,
				0DCFFE5404EE97AE00AD80EC /* MCPFastQueries.m in Sources */,
				0DCFFE5604EE97AE00AD80EC /* MCPNull.m in Sources */,
				0DCFFE5804EE97AE00AD80EC /* MCPResult.m in Sources */,
				0DCFFE5A04EE97AE00AD80EC /* MCPResultPlus.m in Sources */,
				0D516E860538B9010000000A /* MCPConnectionWinCont.m in Sources */,
				0D516E880538B9010000000A /* MCPDocument.m in Sources */,
				95F9DB5A06C11A08005F9DC5 /* MCPNumber.m in Sources */,
			);
			runOnlyForDeploymentPostprocessing = 0;
		};
		0DA7208204EE8C3F002E9126 /* Sources */ = {
			isa = PBXSourcesBuildPhase;
			buildActionMask = 2147483647;
			files = (
				0DCFFE5E04EE97AE00AD80EC /* MCPConnection.m in Sources */,
				0DCFFE6004EE97AE00AD80EC /* MCPFastQueries.m in Sources */,
				0DCFFE6204EE97AE00AD80EC /* MCPNull.m in Sources */,
				0DCFFE6404EE97AE00AD80EC /* MCPResult.m in Sources */,
				0DCFFE6604EE97AE00AD80EC /* MCPResultPlus.m in Sources */,
				0D516E8A0538B9010000000A /* MCPConnectionWinCont.m in Sources */,
				0D516E8C0538B9010000000A /* MCPDocument.m in Sources */,
				95F9DB5806C11A08005F9DC5 /* MCPNumber.m in Sources */,
			);
			runOnlyForDeploymentPostprocessing = 0;
		};
		0DCFFE7104EE9B4400AD80EC /* Sources */ = {
			isa = PBXSourcesBuildPhase;
			buildActionMask = 2147483647;
			files = (
				0DCEFA2304EEAE0D00F30895 /* main.m in Sources */,
			);
			runOnlyForDeploymentPostprocessing = 0;
		};
		0DEFA05404F0318B00A68F01 /* Sources */ = {
			isa = PBXSourcesBuildPhase;
			buildActionMask = 2147483647;
			files = (
			);
			runOnlyForDeploymentPostprocessing = 0;
		};
/* End PBXSourcesBuildPhase section */

/* Begin PBXTargetDependency section */
		0D6DC6F704F03DE00025C233 /* PBXTargetDependency */ = {
			isa = PBXTargetDependency;
			target = 0867D69CFE84028FC02AAC07 /* SMySQL */;
			targetProxy = 95EC05DA055FEA060052E544 /* PBXContainerItemProxy */;
		};
		0D6DC6F804F03DE20025C233 /* PBXTargetDependency */ = {
			isa = PBXTargetDependency;
			target = 0DA7207E04EE8A99002E9126 /* SMySQL_static */;
			targetProxy = 95EC05D7055FEA060052E544 /* PBXContainerItemProxy */;
		};
		0D6DC6F904F03DE40025C233 /* PBXTargetDependency */ = {
			isa = PBXTargetDependency;
			target = 0DA7208504EE8C3F002E9126 /* SMySQL_bundled */;
			targetProxy = 95EC05D9055FEA060052E544 /* PBXContainerItemProxy */;
		};
		0D6DC6FA04F03DE60025C233 /* PBXTargetDependency */ = {
			isa = PBXTargetDependency;
			target = 0DCFFE7404EE9B4400AD80EC /* CLI_Test */;
			targetProxy = 95EC05D8055FEA060052E544 /* PBXContainerItemProxy */;
		};
		0DCFFE7804EE9BC000AD80EC /* PBXTargetDependency */ = {
			isa = PBXTargetDependency;
			target = 0DA7207E04EE8A99002E9126 /* SMySQL_static */;
			targetProxy = 95EC05DB055FEA060052E544 /* PBXContainerItemProxy */;
		};
/* End PBXTargetDependency section */

/* Begin PBXToolTarget section */
		0DCFFE7404EE9B4400AD80EC /* CLI_Test */ = {
			isa = PBXToolTarget;
			buildConfigurationList = 93CB17300DA4874F0097F7CE /* Build configuration list for PBXToolTarget "CLI_Test" */;
			buildPhases = (
				0DCFFE7004EE9B4400AD80EC /* Headers */,
				0DCFFE7104EE9B4400AD80EC /* Sources */,
				0DCFFE7204EE9B4400AD80EC /* Frameworks */,
				0DCFFE7304EE9B4400AD80EC /* Rez */,
			);
			dependencies = (
				0DCFFE7804EE9BC000AD80EC /* PBXTargetDependency */,
			);
			name = CLI_Test;
			productInstallPath = /usr/local/bin;
			productName = CLI_Test;
			productReference = 0DCFFE7504EE9B4400AD80EC /* CLI_Test */;
		};
/* End PBXToolTarget section */

/* Begin PBXVariantGroup section */
		089C1666FE841158C02AAC07 /* InfoPlist.strings */ = {
			isa = PBXVariantGroup;
			children = (
				089C1667FE841158C02AAC07 /* English */,
			);
			name = InfoPlist.strings;
			sourceTree = "<group>";
		};
		0D516E7C0538B8E60000000A /* MCPConnectionWindow.nib */ = {
			isa = PBXVariantGroup;
			children = (
				0D516E7D0538B8E60000000A /* English */,
			);
			name = MCPConnectionWindow.nib;
			sourceTree = "<group>";
		};
/* End PBXVariantGroup section */

/* Begin XCBuildConfiguration section */
		93CB17220DA4874F0097F7CE /* Development */ = {
			isa = XCBuildConfiguration;
			buildSettings = {
				CC = "/usr/bin/gcc-3.3";
				COPY_PHASE_STRIP = NO;
				CPLUSPLUS = "/usr/bin/g++-3.3";
				DEBUGGING_SYMBOLS = YES;
				DYLIB_COMPATIBILITY_VERSION = 2.0.0;
				DYLIB_CURRENT_VERSION = 2.3.1;
				FRAMEWORK_SEARCH_PATHS = "";
				FRAMEWORK_VERSION = A;
				GCC_DYNAMIC_NO_PIC = NO;
				GCC_ENABLE_FIX_AND_CONTINUE = YES;
				GCC_GENERATE_DEBUGGING_SYMBOLS = YES;
				GCC_OPTIMIZATION_LEVEL = 0;
				HEADER_SEARCH_PATHS = /usr/local/include/mysql;
				INSTALL_PATH = "$(HOME)/Library/Frameworks";
				LIBRARY_SEARCH_PATHS = "/usr/local/mysql-5.0.51a-osx10.5-x86_64/lib";
				OPTIMIZATION_CFLAGS = "-O0";
				OTHER_CFLAGS = (
					"-faltivec",
					"-fno-coalesce",
				);
				OTHER_LDFLAGS = (
					"-seg1addr",
					0x08800000,
				);
				PRECOMPILE_PREFIX_HEADER = YES;
				PREFIX_HEADER = SMySQL_Prefix.h;
				PRODUCT_NAME = SMySQL;
				PROFILING_CODE = YES;
				SECTORDER_FLAGS = "";
				SKIP_INSTALL = NO;
				WARNING_CFLAGS = (
					"-Wmost",
					"-Wno-four-char-constants",
					"-Wno-unknown-pragmas",
				);
				WRAPPER_EXTENSION = framework;
				ZERO_LINK = YES;
			};
			name = Development;
		};
		93CB17230DA4874F0097F7CE /* Profiling */ = {
			isa = XCBuildConfiguration;
			buildSettings = {
				CC = "/usr/bin/gcc-3.3";
				COPY_PHASE_STRIP = YES;
				CPLUSPLUS = "/usr/bin/g++-3.3";
				DEBUGGING_SYMBOLS = NO;
				DYLIB_COMPATIBILITY_VERSION = 2.0.0;
				DYLIB_CURRENT_VERSION = 2.3.1;
				FRAMEWORK_SEARCH_PATHS = "";
				FRAMEWORK_VERSION = A;
				GCC_VERSION = 3.3;
				HEADER_SEARCH_PATHS = /usr/local/include/mysql;
				INSTALL_PATH = "$(HOME)/Library/Frameworks";
				LIBRARY_SEARCH_PATHS = (
					/usr/local/lib/mysql,
					"/usr/local/mysql-5.0.51a-osx10.5-x86_64/lib",
				);
				OPTIMIZATION_CFLAGS = "-O3";
				OTHER_CFLAGS = (
					"-faltivec",
					"-fno-coalesce",
				);
				OTHER_LDFLAGS = (
					"-seg1addr",
					0x08800000,
				);
				PRECOMPILE_PREFIX_HEADER = YES;
				PREFIX_HEADER = SMySQL_Prefix.h;
				PRODUCT_NAME = SMySQL;
				PROFILING_CODE = YES;
				SECTORDER_FLAGS = "";
				SKIP_INSTALL = NO;
				WARNING_CFLAGS = (
					"-Wmost",
					"-Wno-four-char-constants",
					"-Wno-unknown-pragmas",
				);
				WRAPPER_EXTENSION = framework;
			};
			name = Profiling;
		};
		93CB17240DA4874F0097F7CE /* Deployment */ = {
			isa = XCBuildConfiguration;
			buildSettings = {
				CC = "/usr/bin/gcc-3.3";
				COPY_PHASE_STRIP = YES;
				CPLUSPLUS = "/usr/bin/g++-3.3";
				DEBUGGING_SYMBOLS = NO;
				DYLIB_COMPATIBILITY_VERSION = 2.0.0;
				DYLIB_CURRENT_VERSION = 2.3.1;
				FRAMEWORK_SEARCH_PATHS = "";
				FRAMEWORK_VERSION = A;
				GCC_ENABLE_FIX_AND_CONTINUE = NO;
				GCC_VERSION = 3.3;
				HEADER_SEARCH_PATHS = /usr/local/include/mysql;
				INSTALL_PATH = "$(HOME)/Library/Frameworks";
				LIBRARY_SEARCH_PATHS = (
					/usr/local/lib/mysql,
					"/usr/local/mysql-5.0.51a-osx10.5-x86_64/lib",
				);
				OPTIMIZATION_CFLAGS = "-O3";
				OTHER_CFLAGS = (
					"-faltivec",
					"-fno-coalesce",
				);
				OTHER_LDFLAGS = (
					"-seg1addr",
					0x08800000,
				);
				PRECOMPILE_PREFIX_HEADER = YES;
				PREFIX_HEADER = SMySQL_Prefix.h;
				PRODUCT_NAME = SMySQL;
				PROFILING_CODE = NO;
				SECTORDER_FLAGS = "";
				SKIP_INSTALL = NO;
				WARNING_CFLAGS = (
					"-Wmost",
					"-Wno-four-char-constants",
					"-Wno-unknown-pragmas",
				);
				WRAPPER_EXTENSION = framework;
				ZERO_LINK = NO;
			};
			name = Deployment;
		};
		93CB17250DA4874F0097F7CE /* Default */ = {
			isa = XCBuildConfiguration;
			buildSettings = {
				CC = "/usr/bin/gcc-3.3";
				CPLUSPLUS = "/usr/bin/g++-3.3";
				DYLIB_COMPATIBILITY_VERSION = 2.0.0;
				DYLIB_CURRENT_VERSION = 2.3.1;
				FRAMEWORK_SEARCH_PATHS = "";
				FRAMEWORK_VERSION = A;
				GCC_VERSION = 3.3;
				HEADER_SEARCH_PATHS = /usr/local/include/mysql;
				INSTALL_PATH = "$(HOME)/Library/Frameworks";
				LIBRARY_SEARCH_PATHS = (
					/usr/local/lib/mysql,
					"/usr/local/mysql-5.0.51a-osx10.5-x86_64/lib",
				);
				OTHER_CFLAGS = (
					"-faltivec",
					"-fno-coalesce",
				);
				OTHER_LDFLAGS = (
					"-seg1addr",
					0x08800000,
				);
				PRECOMPILE_PREFIX_HEADER = YES;
				PREFIX_HEADER = SMySQL_Prefix.h;
				PRODUCT_NAME = SMySQL;
				PROFILING_CODE = YES;
				SECTORDER_FLAGS = "";
				SKIP_INSTALL = NO;
				WARNING_CFLAGS = (
					"-Wmost",
					"-Wno-four-char-constants",
					"-Wno-unknown-pragmas",
				);
				WRAPPER_EXTENSION = framework;
			};
			name = Default;
		};
		93CB17270DA4874F0097F7CE /* Development */ = {
			isa = XCBuildConfiguration;
			buildSettings = {
				CC = "/usr/bin/gcc-3.3";
				COPY_PHASE_STRIP = NO;
				CPLUSPLUS = "/usr/bin/g++-3.3";
				DEBUGGING_SYMBOLS = YES;
				DYLIB_COMPATIBILITY_VERSION = 2.0.0;
				DYLIB_CURRENT_VERSION = 2.3.1;
				FRAMEWORK_VERSION = A;
				GCC_DYNAMIC_NO_PIC = NO;
				GCC_ENABLE_FIX_AND_CONTINUE = YES;
				GCC_GENERATE_DEBUGGING_SYMBOLS = YES;
				GCC_OPTIMIZATION_LEVEL = 0;
				GCC_VERSION = 3.3;
				HEADER_SEARCH_PATHS = mysql_bins;
				INSTALL_PATH = "~/Library/Frameworks";
				LIBRARY_SEARCH_PATHS = mysql_bins;
				OPTIMIZATION_CFLAGS = "-O0";
				OTHER_CFLAGS = (
					"-faltivec",
					"-fno-coalesce",
				);
				OTHER_LDFLAGS = (
					"-seg1addr",
					0x08800000,
				);
				OTHER_LIBTOOL_FLAGS = "";
				OTHER_REZFLAGS = "";
				PRINCIPAL_CLASS = "";
				PRODUCT_NAME = SMySQL_static;
				PROFILING_CODE = YES;
				SECTORDER_FLAGS = "";
				SKIP_INSTALL = NO;
				WARNING_CFLAGS = (
					"-Wmost",
					"-Wno-four-char-constants",
					"-Wno-unknown-pragmas",
				);
				WRAPPER_EXTENSION = framework;
				ZERO_LINK = YES;
			};
			name = Development;
		};
		93CB17280DA4874F0097F7CE /* Profiling */ = {
			isa = XCBuildConfiguration;
			buildSettings = {
				CC = "/usr/bin/gcc-3.3";
				COPY_PHASE_STRIP = YES;
				CPLUSPLUS = "/usr/bin/g++-3.3";
				DEBUGGING_SYMBOLS = NO;
				DYLIB_COMPATIBILITY_VERSION = 2.0.0;
				DYLIB_CURRENT_VERSION = 2.3.1;
				FRAMEWORK_VERSION = A;
				GCC_VERSION = 3.3;
				HEADER_SEARCH_PATHS = mysql_bins;
				INSTALL_PATH = "~/Library/Frameworks";
				LIBRARY_SEARCH_PATHS = mysql_bins;
				OPTIMIZATION_CFLAGS = "-O3";
				OTHER_CFLAGS = (
					"-faltivec",
					"-fno-coalesce",
				);
				OTHER_LDFLAGS = (
					"-seg1addr",
					0x08800000,
				);
				OTHER_LIBTOOL_FLAGS = "";
				OTHER_REZFLAGS = "";
				PRINCIPAL_CLASS = "";
				PRODUCT_NAME = SMySQL_static;
				PROFILING_CODE = YES;
				SECTORDER_FLAGS = "";
				SKIP_INSTALL = NO;
				WARNING_CFLAGS = (
					"-Wmost",
					"-Wno-four-char-constants",
					"-Wno-unknown-pragmas",
				);
				WRAPPER_EXTENSION = framework;
			};
			name = Profiling;
		};
		93CB17290DA4874F0097F7CE /* Deployment */ = {
			isa = XCBuildConfiguration;
			buildSettings = {
				CC = "/usr/bin/gcc-3.3";
				COPY_PHASE_STRIP = YES;
				CPLUSPLUS = "/usr/bin/g++-3.3";
				DEBUGGING_SYMBOLS = NO;
				DYLIB_COMPATIBILITY_VERSION = 2.0.0;
				DYLIB_CURRENT_VERSION = 2.3.1;
				FRAMEWORK_VERSION = A;
				GCC_ENABLE_FIX_AND_CONTINUE = NO;
				GCC_VERSION = 3.3;
				HEADER_SEARCH_PATHS = mysql_bins;
				INSTALL_PATH = "~/Library/Frameworks";
				LIBRARY_SEARCH_PATHS = mysql_bins;
				OPTIMIZATION_CFLAGS = "-O3";
				OTHER_CFLAGS = (
					"-faltivec",
					"-fno-coalesce",
				);
				OTHER_LDFLAGS = (
					"-seg1addr",
					0x08800000,
				);
				OTHER_LIBTOOL_FLAGS = "";
				OTHER_REZFLAGS = "";
				PRINCIPAL_CLASS = "";
				PRODUCT_NAME = SMySQL_static;
				PROFILING_CODE = NO;
				SECTORDER_FLAGS = "";
				SKIP_INSTALL = NO;
				WARNING_CFLAGS = (
					"-Wmost",
					"-Wno-four-char-constants",
					"-Wno-unknown-pragmas",
				);
				WRAPPER_EXTENSION = framework;
				ZERO_LINK = NO;
			};
			name = Deployment;
		};
		93CB172A0DA4874F0097F7CE /* Default */ = {
			isa = XCBuildConfiguration;
			buildSettings = {
				CC = "/usr/bin/gcc-3.3";
				CPLUSPLUS = "/usr/bin/g++-3.3";
				DYLIB_COMPATIBILITY_VERSION = 2.0.0;
				DYLIB_CURRENT_VERSION = 2.3.1;
				FRAMEWORK_VERSION = A;
				GCC_VERSION = 3.3;
				HEADER_SEARCH_PATHS = mysql_bins;
				INSTALL_PATH = "~/Library/Frameworks";
				LIBRARY_SEARCH_PATHS = mysql_bins;
				OTHER_CFLAGS = (
					"-faltivec",
					"-fno-coalesce",
				);
				OTHER_LDFLAGS = (
					"-seg1addr",
					0x08800000,
				);
				OTHER_LIBTOOL_FLAGS = "";
				OTHER_REZFLAGS = "";
				PRINCIPAL_CLASS = "";
				PRODUCT_NAME = SMySQL_static;
				PROFILING_CODE = YES;
				SECTORDER_FLAGS = "";
				SKIP_INSTALL = NO;
				WARNING_CFLAGS = (
					"-Wmost",
					"-Wno-four-char-constants",
					"-Wno-unknown-pragmas",
				);
				WRAPPER_EXTENSION = framework;
			};
			name = Default;
		};
		93CB172C0DA4874F0097F7CE /* Development */ = {
			isa = XCBuildConfiguration;
			buildSettings = {
				CC = /usr/bin/gcc;
				COPY_PHASE_STRIP = NO;
				CPLUSPLUS = "/usr/bin/g++";
				DEBUGGING_SYMBOLS = YES;
				DYLIB_COMPATIBILITY_VERSION = 2.0.0;
				DYLIB_CURRENT_VERSION = 2.3.1;
				FRAMEWORK_VERSION = A;
				GCC_DYNAMIC_NO_PIC = NO;
				GCC_ENABLE_FIX_AND_CONTINUE = YES;
				GCC_GENERATE_DEBUGGING_SYMBOLS = YES;
				GCC_OPTIMIZATION_LEVEL = 0;
				GCC_VERSION = 3.3;
				HEADER_SEARCH_PATHS = mysql_bins;
				INSTALL_PATH = "@executable_path/../Frameworks";
				LIBRARY_SEARCH_PATHS = mysql_bins;
				OPTIMIZATION_CFLAGS = "-O0";
				OTHER_CFLAGS = (
					"-faltivec",
					"-fno-coalesce",
				);
				OTHER_LDFLAGS = (
					"-seg1addr",
					0x08800000,
				);
				OTHER_LIBTOOL_FLAGS = "";
				OTHER_REZFLAGS = "";
				PRINCIPAL_CLASS = "";
				PRODUCT_NAME = SMySQL_bundled;
				PROFILING_CODE = YES;
				SECTORDER_FLAGS = "";
				SKIP_INSTALL = YES;
				WARNING_CFLAGS = (
					"-Wmost",
					"-Wno-four-char-constants",
					"-Wno-unknown-pragmas",
				);
				WRAPPER_EXTENSION = framework;
				ZERO_LINK = YES;
			};
			name = Development;
		};
		93CB172D0DA4874F0097F7CE /* Profiling */ = {
			isa = XCBuildConfiguration;
			buildSettings = {
				CC = /usr/bin/gcc;
				COPY_PHASE_STRIP = YES;
				CPLUSPLUS = "/usr/bin/g++";
				DEBUGGING_SYMBOLS = NO;
				DYLIB_COMPATIBILITY_VERSION = 2.0.0;
				DYLIB_CURRENT_VERSION = 2.3.1;
				FRAMEWORK_VERSION = A;
				GCC_VERSION = 3.3;
				HEADER_SEARCH_PATHS = mysql_bins;
				INSTALL_PATH = "@executable_path/../Frameworks";
				LIBRARY_SEARCH_PATHS = mysql_bins;
				OPTIMIZATION_CFLAGS = "-O3";
				OTHER_CFLAGS = (
					"-faltivec",
					"-fno-coalesce",
				);
				OTHER_LDFLAGS = (
					"-seg1addr",
					0x08800000,
				);
				OTHER_LIBTOOL_FLAGS = "";
				OTHER_REZFLAGS = "";
				PRINCIPAL_CLASS = "";
				PRODUCT_NAME = SMySQL_bundled;
				PROFILING_CODE = YES;
				SECTORDER_FLAGS = "";
				SKIP_INSTALL = YES;
				WARNING_CFLAGS = (
					"-Wmost",
					"-Wno-four-char-constants",
					"-Wno-unknown-pragmas",
				);
				WRAPPER_EXTENSION = framework;
			};
			name = Profiling;
		};
		93CB172E0DA4874F0097F7CE /* Deployment */ = {
			isa = XCBuildConfiguration;
			buildSettings = {
				CC = /usr/bin/gcc;
				COPY_PHASE_STRIP = YES;
				CPLUSPLUS = "/usr/bin/g++";
				DEBUGGING_SYMBOLS = NO;
				DYLIB_COMPATIBILITY_VERSION = 2.0.0;
				DYLIB_CURRENT_VERSION = 2.3.1;
				FRAMEWORK_VERSION = A;
				GCC_ENABLE_FIX_AND_CONTINUE = NO;
				GCC_VERSION = 3.3;
				HEADER_SEARCH_PATHS = mysql_bins;
				INSTALL_PATH = "@executable_path/../Frameworks";
				LIBRARY_SEARCH_PATHS = mysql_bins;
				OPTIMIZATION_CFLAGS = "-O3";
				OTHER_CFLAGS = (
					"-faltivec",
					"-fno-coalesce",
				);
				OTHER_LDFLAGS = (
					"-seg1addr",
					0x08800000,
				);
				OTHER_LIBTOOL_FLAGS = "";
				OTHER_REZFLAGS = "";
				PRINCIPAL_CLASS = "";
				PRODUCT_NAME = SMySQL_bundled;
				PROFILING_CODE = NO;
				SECTORDER_FLAGS = "";
				SKIP_INSTALL = YES;
				WARNING_CFLAGS = (
					"-Wmost",
					"-Wno-four-char-constants",
					"-Wno-unknown-pragmas",
				);
				WRAPPER_EXTENSION = framework;
				ZERO_LINK = NO;
			};
			name = Deployment;
		};
		93CB172F0DA4874F0097F7CE /* Default */ = {
			isa = XCBuildConfiguration;
			buildSettings = {
				CC = /usr/bin/gcc;
				CPLUSPLUS = "/usr/bin/g++";
				DYLIB_COMPATIBILITY_VERSION = 2.0.0;
				DYLIB_CURRENT_VERSION = 2.3.1;
				FRAMEWORK_VERSION = A;
				GCC_VERSION = 3.3;
				HEADER_SEARCH_PATHS = mysql_bins;
				INSTALL_PATH = "@executable_path/../Frameworks";
				LIBRARY_SEARCH_PATHS = mysql_bins;
				OTHER_CFLAGS = (
					"-faltivec",
					"-fno-coalesce",
				);
				OTHER_LDFLAGS = (
					"-seg1addr",
					0x08800000,
				);
				OTHER_LIBTOOL_FLAGS = "";
				OTHER_REZFLAGS = "";
				PRINCIPAL_CLASS = "";
				PRODUCT_NAME = SMySQL_bundled;
				PROFILING_CODE = YES;
				SECTORDER_FLAGS = "";
				SKIP_INSTALL = YES;
				WARNING_CFLAGS = (
					"-Wmost",
					"-Wno-four-char-constants",
					"-Wno-unknown-pragmas",
				);
				WRAPPER_EXTENSION = framework;
			};
			name = Default;
		};
		93CB17310DA4874F0097F7CE /* Development */ = {
			isa = XCBuildConfiguration;
			buildSettings = {
				CC = "/usr/bin/gcc-3.3";
				COPY_PHASE_STRIP = NO;
				CPLUSPLUS = "/usr/bin/g++-3.3";
				DEBUGGING_SYMBOLS = YES;
				GCC_DYNAMIC_NO_PIC = NO;
				GCC_ENABLE_FIX_AND_CONTINUE = YES;
				GCC_GENERATE_DEBUGGING_SYMBOLS = YES;
				GCC_OPTIMIZATION_LEVEL = 0;
				GCC_VERSION = 3.3;
				OPTIMIZATION_CFLAGS = "-O0";
				OTHER_CFLAGS = (
					"-faltivec",
					"-fno-coalesce",
				);
				OTHER_REZFLAGS = "";
				PRODUCT_NAME = CLI_Test;
				PROFILING_CODE = YES;
				REZ_EXECUTABLE = YES;
				SECTORDER_FLAGS = "";
				WARNING_CFLAGS = (
					"-Wmost",
					"-Wno-four-char-constants",
					"-Wno-unknown-pragmas",
				);
				ZERO_LINK = YES;
			};
			name = Development;
		};
		93CB17320DA4874F0097F7CE /* Profiling */ = {
			isa = XCBuildConfiguration;
			buildSettings = {
				CC = "/usr/bin/gcc-3.3";
				COPY_PHASE_STRIP = YES;
				CPLUSPLUS = "/usr/bin/g++-3.3";
				DEBUGGING_SYMBOLS = NO;
				GCC_VERSION = 3.3;
				OPTIMIZATION_CFLAGS = "-O3";
				OTHER_CFLAGS = (
					"-faltivec",
					"-fno-coalesce",
				);
				OTHER_REZFLAGS = "";
				PRODUCT_NAME = CLI_Test;
				PROFILING_CODE = YES;
				REZ_EXECUTABLE = YES;
				SECTORDER_FLAGS = "";
				WARNING_CFLAGS = (
					"-Wmost",
					"-Wno-four-char-constants",
					"-Wno-unknown-pragmas",
				);
			};
			name = Profiling;
		};
		93CB17330DA4874F0097F7CE /* Deployment */ = {
			isa = XCBuildConfiguration;
			buildSettings = {
				CC = "/usr/bin/gcc-3.3";
				COPY_PHASE_STRIP = YES;
				CPLUSPLUS = "/usr/bin/g++-3.3";
				DEBUGGING_SYMBOLS = NO;
				GCC_ENABLE_FIX_AND_CONTINUE = NO;
				GCC_VERSION = 3.3;
				OPTIMIZATION_CFLAGS = "-O3";
				OTHER_CFLAGS = (
					"-faltivec",
					"-fno-coalesce",
				);
				OTHER_REZFLAGS = "";
				PRODUCT_NAME = CLI_Test;
				PROFILING_CODE = NO;
				REZ_EXECUTABLE = YES;
				SECTORDER_FLAGS = "";
				WARNING_CFLAGS = (
					"-Wmost",
					"-Wno-four-char-constants",
					"-Wno-unknown-pragmas",
				);
				ZERO_LINK = NO;
			};
			name = Deployment;
		};
		93CB17340DA4874F0097F7CE /* Default */ = {
			isa = XCBuildConfiguration;
			buildSettings = {
				CC = "/usr/bin/gcc-3.3";
				CPLUSPLUS = "/usr/bin/g++-3.3";
				GCC_VERSION = 3.3;
				OPTIMIZATION_CFLAGS = "-O0";
				OTHER_CFLAGS = (
					"-faltivec",
					"-fno-coalesce",
				);
				OTHER_REZFLAGS = "";
				PRODUCT_NAME = CLI_Test;
				PROFILING_CODE = YES;
				REZ_EXECUTABLE = YES;
				SECTORDER_FLAGS = "";
				WARNING_CFLAGS = (
					"-Wmost",
					"-Wno-four-char-constants",
					"-Wno-unknown-pragmas",
				);
			};
			name = Default;
		};
		93CB17360DA4874F0097F7CE /* Development */ = {
			isa = XCBuildConfiguration;
			buildSettings = {
				COPY_PHASE_STRIP = NO;
				DEBUGGING_SYMBOLS = YES;
				GCC_DYNAMIC_NO_PIC = NO;
				GCC_ENABLE_FIX_AND_CONTINUE = YES;
				GCC_GENERATE_DEBUGGING_SYMBOLS = YES;
				GCC_OPTIMIZATION_LEVEL = 0;
				OPTIMIZATION_CFLAGS = "-O0";
				OTHER_CFLAGS = "";
				OTHER_LDFLAGS = "";
				OTHER_REZFLAGS = "";
				PRODUCT_NAME = Prepare_Distributions;
				PROFILING_CODE = YES;
				SECTORDER_FLAGS = "";
				WARNING_CFLAGS = (
					"-Wmost",
					"-Wno-four-char-constants",
					"-Wno-unknown-pragmas",
				);
				WRAPPER_EXTENSION = bundle;
				ZERO_LINK = YES;
			};
			name = Development;
		};
		93CB17370DA4874F0097F7CE /* Profiling */ = {
			isa = XCBuildConfiguration;
			buildSettings = {
				COPY_PHASE_STRIP = YES;
				DEBUGGING_SYMBOLS = NO;
				OPTIMIZATION_CFLAGS = "-O3";
				OTHER_CFLAGS = "";
				OTHER_LDFLAGS = "";
				OTHER_REZFLAGS = "";
				PRODUCT_NAME = Prepare_Distributions;
				PROFILING_CODE = YES;
				SECTORDER_FLAGS = "";
				WARNING_CFLAGS = (
					"-Wmost",
					"-Wno-four-char-constants",
					"-Wno-unknown-pragmas",
				);
				WRAPPER_EXTENSION = bundle;
			};
			name = Profiling;
		};
		93CB17380DA4874F0097F7CE /* Deployment */ = {
			isa = XCBuildConfiguration;
			buildSettings = {
				COPY_PHASE_STRIP = YES;
				DEBUGGING_SYMBOLS = NO;
				GCC_ENABLE_FIX_AND_CONTINUE = NO;
				OPTIMIZATION_CFLAGS = "-O3";
				OTHER_CFLAGS = "";
				OTHER_LDFLAGS = "";
				OTHER_REZFLAGS = "";
				PRODUCT_NAME = Prepare_Distributions;
				PROFILING_CODE = NO;
				SECTORDER_FLAGS = "";
				WARNING_CFLAGS = (
					"-Wmost",
					"-Wno-four-char-constants",
					"-Wno-unknown-pragmas",
				);
				WRAPPER_EXTENSION = bundle;
				ZERO_LINK = NO;
			};
			name = Deployment;
		};
		93CB17390DA4874F0097F7CE /* Default */ = {
			isa = XCBuildConfiguration;
			buildSettings = {
				OTHER_CFLAGS = "";
				OTHER_LDFLAGS = "";
				OTHER_REZFLAGS = "";
				PRODUCT_NAME = Prepare_Distributions;
				SECTORDER_FLAGS = "";
				WARNING_CFLAGS = (
					"-Wmost",
					"-Wno-four-char-constants",
					"-Wno-unknown-pragmas",
				);
				WRAPPER_EXTENSION = bundle;
			};
			name = Default;
		};
		93CB173B0DA4874F0097F7CE /* Development */ = {
			isa = XCBuildConfiguration;
			buildSettings = {
				ARCHS = (
					i386,
					ppc,
				);
				HEADER_SEARCH_PATHS = (
					/usr/local/mysql/include,
					"$(inherited)",
				);
				INFOPLIST_PREPROCESS = NO;
				LIBRARY_SEARCH_PATHS = (
					/usr/local/mysql/lib,
					"$(inherited)",
				);
				MACH_O_TYPE = mh_dylib;
				MACOSX_DEPLOYMENT_TARGET = 10.3;
			};
			name = Development;
		};
		93CB173C0DA4874F0097F7CE /* Profiling */ = {
			isa = XCBuildConfiguration;
			buildSettings = {
			};
			name = Profiling;
		};
		93CB173D0DA4874F0097F7CE /* Deployment */ = {
			isa = XCBuildConfiguration;
			buildSettings = {
			};
			name = Deployment;
		};
		93CB173E0DA4874F0097F7CE /* Default */ = {
			isa = XCBuildConfiguration;
			buildSettings = {
			};
			name = Default;
		};
/* End XCBuildConfiguration section */

/* Begin XCConfigurationList section */
		93CB17210DA4874F0097F7CE /* Build configuration list for PBXFrameworkTarget "SMySQL" */ = {
			isa = XCConfigurationList;
			buildConfigurations = (
				93CB17220DA4874F0097F7CE /* Development */,
				93CB17230DA4874F0097F7CE /* Profiling */,
				93CB17240DA4874F0097F7CE /* Deployment */,
				93CB17250DA4874F0097F7CE /* Default */,
			);
			defaultConfigurationIsVisible = 0;
			defaultConfigurationName = Default;
		};
		93CB17260DA4874F0097F7CE /* Build configuration list for PBXFrameworkTarget "SMySQL_static" */ = {
			isa = XCConfigurationList;
			buildConfigurations = (
				93CB17270DA4874F0097F7CE /* Development */,
				93CB17280DA4874F0097F7CE /* Profiling */,
				93CB17290DA4874F0097F7CE /* Deployment */,
				93CB172A0DA4874F0097F7CE /* Default */,
			);
			defaultConfigurationIsVisible = 0;
			defaultConfigurationName = Default;
		};
		93CB172B0DA4874F0097F7CE /* Build configuration list for PBXFrameworkTarget "SMySQL_bundled" */ = {
			isa = XCConfigurationList;
			buildConfigurations = (
				93CB172C0DA4874F0097F7CE /* Development */,
				93CB172D0DA4874F0097F7CE /* Profiling */,
				93CB172E0DA4874F0097F7CE /* Deployment */,
				93CB172F0DA4874F0097F7CE /* Default */,
			);
			defaultConfigurationIsVisible = 0;
			defaultConfigurationName = Default;
		};
		93CB17300DA4874F0097F7CE /* Build configuration list for PBXToolTarget "CLI_Test" */ = {
			isa = XCConfigurationList;
			buildConfigurations = (
				93CB17310DA4874F0097F7CE /* Development */,
				93CB17320DA4874F0097F7CE /* Profiling */,
				93CB17330DA4874F0097F7CE /* Deployment */,
				93CB17340DA4874F0097F7CE /* Default */,
			);
			defaultConfigurationIsVisible = 0;
			defaultConfigurationName = Default;
		};
		93CB17350DA4874F0097F7CE /* Build configuration list for PBXBundleTarget "Prepare_Distributions" */ = {
			isa = XCConfigurationList;
			buildConfigurations = (
				93CB17360DA4874F0097F7CE /* Development */,
				93CB17370DA4874F0097F7CE /* Profiling */,
				93CB17380DA4874F0097F7CE /* Deployment */,
				93CB17390DA4874F0097F7CE /* Default */,
			);
			defaultConfigurationIsVisible = 0;
			defaultConfigurationName = Default;
		};
		93CB173A0DA4874F0097F7CE /* Build configuration list for PBXProject "SMySQL-2.5" */ = {
			isa = XCConfigurationList;
			buildConfigurations = (
				93CB173B0DA4874F0097F7CE /* Development */,
				93CB173C0DA4874F0097F7CE /* Profiling */,
				93CB173D0DA4874F0097F7CE /* Deployment */,
				93CB173E0DA4874F0097F7CE /* Default */,
			);
			defaultConfigurationIsVisible = 0;
			defaultConfigurationName = Default;
		};
/* End XCConfigurationList section */
	};
	rootObject = 0867D690FE84028FC02AAC07 /* Project object */;
}
